
Microsoft Visual Studio Solution File, Format Version 12.00
# Visual Studio Version 17
VisualStudioVersion = 17.7.33906.173
MinimumVisualStudioVersion = 10.0.40219.1
Project("{9A19103F-16F7-4668-BE54-9A1E7A4F7556}") = "App", "src\App\App.csproj", "{4B8115E7-B636-499D-8C2E-40DF4DF01FC2}"
EndProject
Project("{2150E333-8FDC-42A3-9474-1A3956D46DE8}") = "Libs", "Libs", "{4AAF05CF-97F6-469D-BCB4-23802A4A0C6F}"
EndProject
Project("{2150E333-8FDC-42A3-9474-1A3956D46DE8}") = "Models", "Models", "{6928EC51-115C-4FF0-BF4B-F1B31369B669}"
EndProject
Project("{9A19103F-16F7-4668-BE54-9A1E7A4F7556}") = "ViewModels", "src\ViewModels\ViewModels.csproj", "{C6363806-EDC2-43BA-A015-58CF3C1A174E}"
EndProject
Project("{9A19103F-16F7-4668-BE54-9A1E7A4F7556}") = "Libs.ResourceGenerator", "src\Libs\Libs.ResourceGenerator\Libs.ResourceGenerator.csproj", "{9237F9B3-A28D-4521-99F9-CBCB0B5EE30E}"
EndProject
Project("{9A19103F-16F7-4668-BE54-9A1E7A4F7556}") = "Models.App", "src\Models\Models.App\Models.App.csproj", "{4D372C56-4C96-4245-AF66-C6D9994778D0}"
EndProject
Project("{9A19103F-16F7-4668-BE54-9A1E7A4F7556}") = "Models.Constants", "src\Models\Models.Constants\Models.Constants.csproj", "{A365EFA9-BA05-4D46-8AA9-6DAE4A0ABFC3}"
EndProject
Project("{9A19103F-16F7-4668-BE54-9A1E7A4F7556}") = "Models.BiliBili", "src\Models\Models.BiliBili\Models.BiliBili.csproj", "{BADFA1F2-A38F-4A6D-B208-C7ABEDAF1C2A}"
EndProject
Project("{9A19103F-16F7-4668-BE54-9A1E7A4F7556}") = "Models.Grpc", "src\Models\Models.Grpc\Models.Grpc.csproj", "{DF19313B-CCBC-4989-9D42-4E7F73045539}"
EndProject
Project("{9A19103F-16F7-4668-BE54-9A1E7A4F7556}") = "Models.Data", "src\Models\Models.Data\Models.Data.csproj", "{96B89F30-5386-4469-B19E-E73CA370E878}"
EndProject
Project("{9A19103F-16F7-4668-BE54-9A1E7A4F7556}") = "Libs.Adapter", "src\Libs\Libs.Adapter\Libs.Adapter.csproj", "{8E9462B1-B030-4F5D-90F9-BB304581B6EF}"
EndProject
Project("{9A19103F-16F7-4668-BE54-9A1E7A4F7556}") = "Libs.Toolkit", "src\Libs\Libs.Toolkit\Libs.Toolkit.csproj", "{C56C60F0-C717-4AA1-8B4E-C516A83031A9}"
EndProject
Project("{9A19103F-16F7-4668-BE54-9A1E7A4F7556}") = "Libs.Provider", "src\Libs\Libs.Provider\Libs.Provider.csproj", "{1024C320-57B8-445D-875E-5D969E7CA520}"
EndProject
Project("{9A19103F-16F7-4668-BE54-9A1E7A4F7556}") = "Libs.Flyleaf", "src\Libs\Libs.Flyleaf\Libs.Flyleaf.csproj", "{2B1FB1C6-BD03-4DF6-90DB-B77CEEA51CE1}"
EndProject
Project("{9A19103F-16F7-4668-BE54-9A1E7A4F7556}") = "Libs.WebDavClient", "src\Libs\Libs.WebDavClient\Libs.WebDavClient.csproj", "{65CB76AD-DA1A-43C6-AC5A-6016665F6D8B}"
EndProject
Project("{2150E333-8FDC-42A3-9474-1A3956D46DE8}") = "Core", "Core", "{FA4DA991-3892-465F-9789-7A351FD53033}"
EndProject
Project("{9A19103F-16F7-4668-BE54-9A1E7A4F7556}") = "BiliKernel.Abstractions", "src\Core\BiliKernel.Abstractions\BiliKernel.Abstractions.csproj", "{777ACDD2-9315-4228-BA50-325E9D8E6341}"
EndProject
Project("{9A19103F-16F7-4668-BE54-9A1E7A4F7556}") = "BiliKernel.Core", "src\Core\BiliKernel.Core\BiliKernel.Core.csproj", "{B40BE0A3-2E66-4CA1-8BD4-CFD76F801DD1}"
EndProject
Project("{FAE04EC0-301F-11D3-BF4B-00C04F79EFBC}") = "Authorizers.Tv", "src\Core\Authorizers\Authorizers.Tv\Authorizers.Tv.csproj", "{32B29EF3-D7B1-4EA0-A93F-3C6220EF0011}"
EndProject
Global
	GlobalSection(SolutionConfigurationPlatforms) = preSolution
		Debug|Any CPU = Debug|Any CPU
		Debug|ARM64 = Debug|ARM64
		Debug|x64 = Debug|x64
		Debug|x86 = Debug|x86
		Release|Any CPU = Release|Any CPU
		Release|ARM64 = Release|ARM64
		Release|x64 = Release|x64
		Release|x86 = Release|x86
	EndGlobalSection
	GlobalSection(ProjectConfigurationPlatforms) = postSolution
		{4B8115E7-B636-499D-8C2E-40DF4DF01FC2}.Debug|Any CPU.ActiveCfg = Debug|x64
		{4B8115E7-B636-499D-8C2E-40DF4DF01FC2}.Debug|Any CPU.Build.0 = Debug|x64
		{4B8115E7-B636-499D-8C2E-40DF4DF01FC2}.Debug|Any CPU.Deploy.0 = Debug|x64
		{4B8115E7-B636-499D-8C2E-40DF4DF01FC2}.Debug|ARM64.ActiveCfg = Debug|ARM64
		{4B8115E7-B636-499D-8C2E-40DF4DF01FC2}.Debug|ARM64.Build.0 = Debug|ARM64
		{4B8115E7-B636-499D-8C2E-40DF4DF01FC2}.Debug|ARM64.Deploy.0 = Debug|ARM64
		{4B8115E7-B636-499D-8C2E-40DF4DF01FC2}.Debug|x64.ActiveCfg = Debug|x64
		{4B8115E7-B636-499D-8C2E-40DF4DF01FC2}.Debug|x64.Build.0 = Debug|x64
		{4B8115E7-B636-499D-8C2E-40DF4DF01FC2}.Debug|x64.Deploy.0 = Debug|x64
		{4B8115E7-B636-499D-8C2E-40DF4DF01FC2}.Debug|x86.ActiveCfg = Debug|x86
		{4B8115E7-B636-499D-8C2E-40DF4DF01FC2}.Debug|x86.Build.0 = Debug|x86
		{4B8115E7-B636-499D-8C2E-40DF4DF01FC2}.Debug|x86.Deploy.0 = Debug|x86
		{4B8115E7-B636-499D-8C2E-40DF4DF01FC2}.Release|Any CPU.ActiveCfg = Release|x64
		{4B8115E7-B636-499D-8C2E-40DF4DF01FC2}.Release|Any CPU.Build.0 = Release|x64
		{4B8115E7-B636-499D-8C2E-40DF4DF01FC2}.Release|Any CPU.Deploy.0 = Release|x64
		{4B8115E7-B636-499D-8C2E-40DF4DF01FC2}.Release|ARM64.ActiveCfg = Release|ARM64
		{4B8115E7-B636-499D-8C2E-40DF4DF01FC2}.Release|ARM64.Build.0 = Release|ARM64
		{4B8115E7-B636-499D-8C2E-40DF4DF01FC2}.Release|ARM64.Deploy.0 = Release|ARM64
		{4B8115E7-B636-499D-8C2E-40DF4DF01FC2}.Release|x64.ActiveCfg = Release|x64
		{4B8115E7-B636-499D-8C2E-40DF4DF01FC2}.Release|x64.Build.0 = Release|x64
		{4B8115E7-B636-499D-8C2E-40DF4DF01FC2}.Release|x64.Deploy.0 = Release|x64
		{4B8115E7-B636-499D-8C2E-40DF4DF01FC2}.Release|x86.ActiveCfg = Release|x86
		{4B8115E7-B636-499D-8C2E-40DF4DF01FC2}.Release|x86.Build.0 = Release|x86
		{4B8115E7-B636-499D-8C2E-40DF4DF01FC2}.Release|x86.Deploy.0 = Release|x86
		{C6363806-EDC2-43BA-A015-58CF3C1A174E}.Debug|Any CPU.ActiveCfg = Debug|Any CPU
		{C6363806-EDC2-43BA-A015-58CF3C1A174E}.Debug|Any CPU.Build.0 = Debug|Any CPU
		{C6363806-EDC2-43BA-A015-58CF3C1A174E}.Debug|ARM64.ActiveCfg = Debug|Any CPU
		{C6363806-EDC2-43BA-A015-58CF3C1A174E}.Debug|ARM64.Build.0 = Debug|Any CPU
		{C6363806-EDC2-43BA-A015-58CF3C1A174E}.Debug|x64.ActiveCfg = Debug|x64
		{C6363806-EDC2-43BA-A015-58CF3C1A174E}.Debug|x64.Build.0 = Debug|x64
		{C6363806-EDC2-43BA-A015-58CF3C1A174E}.Debug|x86.ActiveCfg = Debug|Any CPU
		{C6363806-EDC2-43BA-A015-58CF3C1A174E}.Debug|x86.Build.0 = Debug|Any CPU
		{C6363806-EDC2-43BA-A015-58CF3C1A174E}.Release|Any CPU.ActiveCfg = Release|Any CPU
		{C6363806-EDC2-43BA-A015-58CF3C1A174E}.Release|Any CPU.Build.0 = Release|Any CPU
		{C6363806-EDC2-43BA-A015-58CF3C1A174E}.Release|ARM64.ActiveCfg = Release|ARM64
		{C6363806-EDC2-43BA-A015-58CF3C1A174E}.Release|ARM64.Build.0 = Release|ARM64
		{C6363806-EDC2-43BA-A015-58CF3C1A174E}.Release|x64.ActiveCfg = Release|x64
		{C6363806-EDC2-43BA-A015-58CF3C1A174E}.Release|x64.Build.0 = Release|x64
		{C6363806-EDC2-43BA-A015-58CF3C1A174E}.Release|x86.ActiveCfg = Release|Any CPU
		{C6363806-EDC2-43BA-A015-58CF3C1A174E}.Release|x86.Build.0 = Release|Any CPU
		{9237F9B3-A28D-4521-99F9-CBCB0B5EE30E}.Debug|Any CPU.ActiveCfg = Debug|Any CPU
		{9237F9B3-A28D-4521-99F9-CBCB0B5EE30E}.Debug|Any CPU.Build.0 = Debug|Any CPU
		{9237F9B3-A28D-4521-99F9-CBCB0B5EE30E}.Debug|ARM64.ActiveCfg = Debug|Any CPU
		{9237F9B3-A28D-4521-99F9-CBCB0B5EE30E}.Debug|ARM64.Build.0 = Debug|Any CPU
		{9237F9B3-A28D-4521-99F9-CBCB0B5EE30E}.Debug|x64.ActiveCfg = Debug|Any CPU
		{9237F9B3-A28D-4521-99F9-CBCB0B5EE30E}.Debug|x64.Build.0 = Debug|Any CPU
		{9237F9B3-A28D-4521-99F9-CBCB0B5EE30E}.Debug|x86.ActiveCfg = Debug|Any CPU
		{9237F9B3-A28D-4521-99F9-CBCB0B5EE30E}.Debug|x86.Build.0 = Debug|Any CPU
		{9237F9B3-A28D-4521-99F9-CBCB0B5EE30E}.Release|Any CPU.ActiveCfg = Release|Any CPU
		{9237F9B3-A28D-4521-99F9-CBCB0B5EE30E}.Release|Any CPU.Build.0 = Release|Any CPU
		{9237F9B3-A28D-4521-99F9-CBCB0B5EE30E}.Release|ARM64.ActiveCfg = Release|Any CPU
		{9237F9B3-A28D-4521-99F9-CBCB0B5EE30E}.Release|ARM64.Build.0 = Release|Any CPU
		{9237F9B3-A28D-4521-99F9-CBCB0B5EE30E}.Release|x64.ActiveCfg = Release|Any CPU
		{9237F9B3-A28D-4521-99F9-CBCB0B5EE30E}.Release|x64.Build.0 = Release|Any CPU
		{9237F9B3-A28D-4521-99F9-CBCB0B5EE30E}.Release|x86.ActiveCfg = Release|Any CPU
		{9237F9B3-A28D-4521-99F9-CBCB0B5EE30E}.Release|x86.Build.0 = Release|Any CPU
		{4D372C56-4C96-4245-AF66-C6D9994778D0}.Debug|Any CPU.ActiveCfg = Debug|Any CPU
		{4D372C56-4C96-4245-AF66-C6D9994778D0}.Debug|Any CPU.Build.0 = Debug|Any CPU
		{4D372C56-4C96-4245-AF66-C6D9994778D0}.Debug|ARM64.ActiveCfg = Debug|Any CPU
		{4D372C56-4C96-4245-AF66-C6D9994778D0}.Debug|ARM64.Build.0 = Debug|Any CPU
		{4D372C56-4C96-4245-AF66-C6D9994778D0}.Debug|x64.ActiveCfg = Debug|Any CPU
		{4D372C56-4C96-4245-AF66-C6D9994778D0}.Debug|x64.Build.0 = Debug|Any CPU
		{4D372C56-4C96-4245-AF66-C6D9994778D0}.Debug|x86.ActiveCfg = Debug|Any CPU
		{4D372C56-4C96-4245-AF66-C6D9994778D0}.Debug|x86.Build.0 = Debug|Any CPU
		{4D372C56-4C96-4245-AF66-C6D9994778D0}.Release|Any CPU.ActiveCfg = Release|Any CPU
		{4D372C56-4C96-4245-AF66-C6D9994778D0}.Release|Any CPU.Build.0 = Release|Any CPU
		{4D372C56-4C96-4245-AF66-C6D9994778D0}.Release|ARM64.ActiveCfg = Release|Any CPU
		{4D372C56-4C96-4245-AF66-C6D9994778D0}.Release|ARM64.Build.0 = Release|Any CPU
		{4D372C56-4C96-4245-AF66-C6D9994778D0}.Release|x64.ActiveCfg = Release|Any CPU
		{4D372C56-4C96-4245-AF66-C6D9994778D0}.Release|x64.Build.0 = Release|Any CPU
		{4D372C56-4C96-4245-AF66-C6D9994778D0}.Release|x86.ActiveCfg = Release|Any CPU
		{4D372C56-4C96-4245-AF66-C6D9994778D0}.Release|x86.Build.0 = Release|Any CPU
		{A365EFA9-BA05-4D46-8AA9-6DAE4A0ABFC3}.Debug|Any CPU.ActiveCfg = Debug|Any CPU
		{A365EFA9-BA05-4D46-8AA9-6DAE4A0ABFC3}.Debug|Any CPU.Build.0 = Debug|Any CPU
		{A365EFA9-BA05-4D46-8AA9-6DAE4A0ABFC3}.Debug|ARM64.ActiveCfg = Debug|Any CPU
		{A365EFA9-BA05-4D46-8AA9-6DAE4A0ABFC3}.Debug|ARM64.Build.0 = Debug|Any CPU
		{A365EFA9-BA05-4D46-8AA9-6DAE4A0ABFC3}.Debug|x64.ActiveCfg = Debug|Any CPU
		{A365EFA9-BA05-4D46-8AA9-6DAE4A0ABFC3}.Debug|x64.Build.0 = Debug|Any CPU
		{A365EFA9-BA05-4D46-8AA9-6DAE4A0ABFC3}.Debug|x86.ActiveCfg = Debug|Any CPU
		{A365EFA9-BA05-4D46-8AA9-6DAE4A0ABFC3}.Debug|x86.Build.0 = Debug|Any CPU
		{A365EFA9-BA05-4D46-8AA9-6DAE4A0ABFC3}.Release|Any CPU.ActiveCfg = Release|Any CPU
		{A365EFA9-BA05-4D46-8AA9-6DAE4A0ABFC3}.Release|Any CPU.Build.0 = Release|Any CPU
		{A365EFA9-BA05-4D46-8AA9-6DAE4A0ABFC3}.Release|ARM64.ActiveCfg = Release|Any CPU
		{A365EFA9-BA05-4D46-8AA9-6DAE4A0ABFC3}.Release|ARM64.Build.0 = Release|Any CPU
		{A365EFA9-BA05-4D46-8AA9-6DAE4A0ABFC3}.Release|x64.ActiveCfg = Release|Any CPU
		{A365EFA9-BA05-4D46-8AA9-6DAE4A0ABFC3}.Release|x64.Build.0 = Release|Any CPU
		{A365EFA9-BA05-4D46-8AA9-6DAE4A0ABFC3}.Release|x86.ActiveCfg = Release|Any CPU
		{A365EFA9-BA05-4D46-8AA9-6DAE4A0ABFC3}.Release|x86.Build.0 = Release|Any CPU
		{BADFA1F2-A38F-4A6D-B208-C7ABEDAF1C2A}.Debug|Any CPU.ActiveCfg = Debug|Any CPU
		{BADFA1F2-A38F-4A6D-B208-C7ABEDAF1C2A}.Debug|Any CPU.Build.0 = Debug|Any CPU
		{BADFA1F2-A38F-4A6D-B208-C7ABEDAF1C2A}.Debug|ARM64.ActiveCfg = Debug|Any CPU
		{BADFA1F2-A38F-4A6D-B208-C7ABEDAF1C2A}.Debug|ARM64.Build.0 = Debug|Any CPU
		{BADFA1F2-A38F-4A6D-B208-C7ABEDAF1C2A}.Debug|x64.ActiveCfg = Debug|Any CPU
		{BADFA1F2-A38F-4A6D-B208-C7ABEDAF1C2A}.Debug|x64.Build.0 = Debug|Any CPU
		{BADFA1F2-A38F-4A6D-B208-C7ABEDAF1C2A}.Debug|x86.ActiveCfg = Debug|Any CPU
		{BADFA1F2-A38F-4A6D-B208-C7ABEDAF1C2A}.Debug|x86.Build.0 = Debug|Any CPU
		{BADFA1F2-A38F-4A6D-B208-C7ABEDAF1C2A}.Release|Any CPU.ActiveCfg = Release|Any CPU
		{BADFA1F2-A38F-4A6D-B208-C7ABEDAF1C2A}.Release|Any CPU.Build.0 = Release|Any CPU
		{BADFA1F2-A38F-4A6D-B208-C7ABEDAF1C2A}.Release|ARM64.ActiveCfg = Release|Any CPU
		{BADFA1F2-A38F-4A6D-B208-C7ABEDAF1C2A}.Release|ARM64.Build.0 = Release|Any CPU
		{BADFA1F2-A38F-4A6D-B208-C7ABEDAF1C2A}.Release|x64.ActiveCfg = Release|Any CPU
		{BADFA1F2-A38F-4A6D-B208-C7ABEDAF1C2A}.Release|x64.Build.0 = Release|Any CPU
		{BADFA1F2-A38F-4A6D-B208-C7ABEDAF1C2A}.Release|x86.ActiveCfg = Release|Any CPU
		{BADFA1F2-A38F-4A6D-B208-C7ABEDAF1C2A}.Release|x86.Build.0 = Release|Any CPU
		{DF19313B-CCBC-4989-9D42-4E7F73045539}.Debug|Any CPU.ActiveCfg = Debug|Any CPU
		{DF19313B-CCBC-4989-9D42-4E7F73045539}.Debug|Any CPU.Build.0 = Debug|Any CPU
		{DF19313B-CCBC-4989-9D42-4E7F73045539}.Debug|ARM64.ActiveCfg = Debug|Any CPU
		{DF19313B-CCBC-4989-9D42-4E7F73045539}.Debug|ARM64.Build.0 = Debug|Any CPU
		{DF19313B-CCBC-4989-9D42-4E7F73045539}.Debug|x64.ActiveCfg = Debug|Any CPU
		{DF19313B-CCBC-4989-9D42-4E7F73045539}.Debug|x64.Build.0 = Debug|Any CPU
		{DF19313B-CCBC-4989-9D42-4E7F73045539}.Debug|x86.ActiveCfg = Debug|Any CPU
		{DF19313B-CCBC-4989-9D42-4E7F73045539}.Debug|x86.Build.0 = Debug|Any CPU
		{DF19313B-CCBC-4989-9D42-4E7F73045539}.Release|Any CPU.ActiveCfg = Release|Any CPU
		{DF19313B-CCBC-4989-9D42-4E7F73045539}.Release|Any CPU.Build.0 = Release|Any CPU
		{DF19313B-CCBC-4989-9D42-4E7F73045539}.Release|ARM64.ActiveCfg = Release|Any CPU
		{DF19313B-CCBC-4989-9D42-4E7F73045539}.Release|ARM64.Build.0 = Release|Any CPU
		{DF19313B-CCBC-4989-9D42-4E7F73045539}.Release|x64.ActiveCfg = Release|Any CPU
		{DF19313B-CCBC-4989-9D42-4E7F73045539}.Release|x64.Build.0 = Release|Any CPU
		{DF19313B-CCBC-4989-9D42-4E7F73045539}.Release|x86.ActiveCfg = Release|Any CPU
		{DF19313B-CCBC-4989-9D42-4E7F73045539}.Release|x86.Build.0 = Release|Any CPU
		{96B89F30-5386-4469-B19E-E73CA370E878}.Debug|Any CPU.ActiveCfg = Debug|Any CPU
		{96B89F30-5386-4469-B19E-E73CA370E878}.Debug|Any CPU.Build.0 = Debug|Any CPU
		{96B89F30-5386-4469-B19E-E73CA370E878}.Debug|ARM64.ActiveCfg = Debug|Any CPU
		{96B89F30-5386-4469-B19E-E73CA370E878}.Debug|ARM64.Build.0 = Debug|Any CPU
		{96B89F30-5386-4469-B19E-E73CA370E878}.Debug|x64.ActiveCfg = Debug|Any CPU
		{96B89F30-5386-4469-B19E-E73CA370E878}.Debug|x64.Build.0 = Debug|Any CPU
		{96B89F30-5386-4469-B19E-E73CA370E878}.Debug|x86.ActiveCfg = Debug|Any CPU
		{96B89F30-5386-4469-B19E-E73CA370E878}.Debug|x86.Build.0 = Debug|Any CPU
		{96B89F30-5386-4469-B19E-E73CA370E878}.Release|Any CPU.ActiveCfg = Release|Any CPU
		{96B89F30-5386-4469-B19E-E73CA370E878}.Release|Any CPU.Build.0 = Release|Any CPU
		{96B89F30-5386-4469-B19E-E73CA370E878}.Release|ARM64.ActiveCfg = Release|Any CPU
		{96B89F30-5386-4469-B19E-E73CA370E878}.Release|ARM64.Build.0 = Release|Any CPU
		{96B89F30-5386-4469-B19E-E73CA370E878}.Release|x64.ActiveCfg = Release|Any CPU
		{96B89F30-5386-4469-B19E-E73CA370E878}.Release|x64.Build.0 = Release|Any CPU
		{96B89F30-5386-4469-B19E-E73CA370E878}.Release|x86.ActiveCfg = Release|Any CPU
		{96B89F30-5386-4469-B19E-E73CA370E878}.Release|x86.Build.0 = Release|Any CPU
		{8E9462B1-B030-4F5D-90F9-BB304581B6EF}.Debug|Any CPU.ActiveCfg = Debug|Any CPU
		{8E9462B1-B030-4F5D-90F9-BB304581B6EF}.Debug|Any CPU.Build.0 = Debug|Any CPU
		{8E9462B1-B030-4F5D-90F9-BB304581B6EF}.Debug|ARM64.ActiveCfg = Debug|Any CPU
		{8E9462B1-B030-4F5D-90F9-BB304581B6EF}.Debug|ARM64.Build.0 = Debug|Any CPU
		{8E9462B1-B030-4F5D-90F9-BB304581B6EF}.Debug|x64.ActiveCfg = Debug|Any CPU
		{8E9462B1-B030-4F5D-90F9-BB304581B6EF}.Debug|x64.Build.0 = Debug|Any CPU
		{8E9462B1-B030-4F5D-90F9-BB304581B6EF}.Debug|x86.ActiveCfg = Debug|Any CPU
		{8E9462B1-B030-4F5D-90F9-BB304581B6EF}.Debug|x86.Build.0 = Debug|Any CPU
		{8E9462B1-B030-4F5D-90F9-BB304581B6EF}.Release|Any CPU.ActiveCfg = Release|Any CPU
		{8E9462B1-B030-4F5D-90F9-BB304581B6EF}.Release|Any CPU.Build.0 = Release|Any CPU
		{8E9462B1-B030-4F5D-90F9-BB304581B6EF}.Release|ARM64.ActiveCfg = Release|Any CPU
		{8E9462B1-B030-4F5D-90F9-BB304581B6EF}.Release|ARM64.Build.0 = Release|Any CPU
		{8E9462B1-B030-4F5D-90F9-BB304581B6EF}.Release|x64.ActiveCfg = Release|Any CPU
		{8E9462B1-B030-4F5D-90F9-BB304581B6EF}.Release|x64.Build.0 = Release|Any CPU
		{8E9462B1-B030-4F5D-90F9-BB304581B6EF}.Release|x86.ActiveCfg = Release|Any CPU
		{8E9462B1-B030-4F5D-90F9-BB304581B6EF}.Release|x86.Build.0 = Release|Any CPU
		{C56C60F0-C717-4AA1-8B4E-C516A83031A9}.Debug|Any CPU.ActiveCfg = Debug|Any CPU
		{C56C60F0-C717-4AA1-8B4E-C516A83031A9}.Debug|Any CPU.Build.0 = Debug|Any CPU
		{C56C60F0-C717-4AA1-8B4E-C516A83031A9}.Debug|ARM64.ActiveCfg = Debug|Any CPU
		{C56C60F0-C717-4AA1-8B4E-C516A83031A9}.Debug|ARM64.Build.0 = Debug|Any CPU
		{C56C60F0-C717-4AA1-8B4E-C516A83031A9}.Debug|x64.ActiveCfg = Debug|Any CPU
		{C56C60F0-C717-4AA1-8B4E-C516A83031A9}.Debug|x64.Build.0 = Debug|Any CPU
		{C56C60F0-C717-4AA1-8B4E-C516A83031A9}.Debug|x86.ActiveCfg = Debug|Any CPU
		{C56C60F0-C717-4AA1-8B4E-C516A83031A9}.Debug|x86.Build.0 = Debug|Any CPU
		{C56C60F0-C717-4AA1-8B4E-C516A83031A9}.Release|Any CPU.ActiveCfg = Release|Any CPU
		{C56C60F0-C717-4AA1-8B4E-C516A83031A9}.Release|Any CPU.Build.0 = Release|Any CPU
		{C56C60F0-C717-4AA1-8B4E-C516A83031A9}.Release|ARM64.ActiveCfg = Release|Any CPU
		{C56C60F0-C717-4AA1-8B4E-C516A83031A9}.Release|ARM64.Build.0 = Release|Any CPU
		{C56C60F0-C717-4AA1-8B4E-C516A83031A9}.Release|x64.ActiveCfg = Release|Any CPU
		{C56C60F0-C717-4AA1-8B4E-C516A83031A9}.Release|x64.Build.0 = Release|Any CPU
		{C56C60F0-C717-4AA1-8B4E-C516A83031A9}.Release|x86.ActiveCfg = Release|Any CPU
		{C56C60F0-C717-4AA1-8B4E-C516A83031A9}.Release|x86.Build.0 = Release|Any CPU
		{1024C320-57B8-445D-875E-5D969E7CA520}.Debug|Any CPU.ActiveCfg = Debug|Any CPU
		{1024C320-57B8-445D-875E-5D969E7CA520}.Debug|Any CPU.Build.0 = Debug|Any CPU
		{1024C320-57B8-445D-875E-5D969E7CA520}.Debug|ARM64.ActiveCfg = Debug|Any CPU
		{1024C320-57B8-445D-875E-5D969E7CA520}.Debug|ARM64.Build.0 = Debug|Any CPU
		{1024C320-57B8-445D-875E-5D969E7CA520}.Debug|x64.ActiveCfg = Debug|Any CPU
		{1024C320-57B8-445D-875E-5D969E7CA520}.Debug|x64.Build.0 = Debug|Any CPU
		{1024C320-57B8-445D-875E-5D969E7CA520}.Debug|x86.ActiveCfg = Debug|Any CPU
		{1024C320-57B8-445D-875E-5D969E7CA520}.Debug|x86.Build.0 = Debug|Any CPU
		{1024C320-57B8-445D-875E-5D969E7CA520}.Release|Any CPU.ActiveCfg = Release|Any CPU
		{1024C320-57B8-445D-875E-5D969E7CA520}.Release|Any CPU.Build.0 = Release|Any CPU
		{1024C320-57B8-445D-875E-5D969E7CA520}.Release|ARM64.ActiveCfg = Release|Any CPU
		{1024C320-57B8-445D-875E-5D969E7CA520}.Release|ARM64.Build.0 = Release|Any CPU
		{1024C320-57B8-445D-875E-5D969E7CA520}.Release|x64.ActiveCfg = Release|Any CPU
		{1024C320-57B8-445D-875E-5D969E7CA520}.Release|x64.Build.0 = Release|Any CPU
		{1024C320-57B8-445D-875E-5D969E7CA520}.Release|x86.ActiveCfg = Release|Any CPU
		{1024C320-57B8-445D-875E-5D969E7CA520}.Release|x86.Build.0 = Release|Any CPU
		{2B1FB1C6-BD03-4DF6-90DB-B77CEEA51CE1}.Debug|Any CPU.ActiveCfg = Debug|Any CPU
		{2B1FB1C6-BD03-4DF6-90DB-B77CEEA51CE1}.Debug|Any CPU.Build.0 = Debug|Any CPU
		{2B1FB1C6-BD03-4DF6-90DB-B77CEEA51CE1}.Debug|ARM64.ActiveCfg = Debug|Any CPU
		{2B1FB1C6-BD03-4DF6-90DB-B77CEEA51CE1}.Debug|ARM64.Build.0 = Debug|Any CPU
		{2B1FB1C6-BD03-4DF6-90DB-B77CEEA51CE1}.Debug|x64.ActiveCfg = Debug|Any CPU
		{2B1FB1C6-BD03-4DF6-90DB-B77CEEA51CE1}.Debug|x64.Build.0 = Debug|Any CPU
		{2B1FB1C6-BD03-4DF6-90DB-B77CEEA51CE1}.Debug|x86.ActiveCfg = Debug|Any CPU
		{2B1FB1C6-BD03-4DF6-90DB-B77CEEA51CE1}.Debug|x86.Build.0 = Debug|Any CPU
		{2B1FB1C6-BD03-4DF6-90DB-B77CEEA51CE1}.Release|Any CPU.ActiveCfg = Release|Any CPU
		{2B1FB1C6-BD03-4DF6-90DB-B77CEEA51CE1}.Release|Any CPU.Build.0 = Release|Any CPU
		{2B1FB1C6-BD03-4DF6-90DB-B77CEEA51CE1}.Release|ARM64.ActiveCfg = Release|Any CPU
		{2B1FB1C6-BD03-4DF6-90DB-B77CEEA51CE1}.Release|ARM64.Build.0 = Release|Any CPU
		{2B1FB1C6-BD03-4DF6-90DB-B77CEEA51CE1}.Release|x64.ActiveCfg = Release|Any CPU
		{2B1FB1C6-BD03-4DF6-90DB-B77CEEA51CE1}.Release|x64.Build.0 = Release|Any CPU
		{2B1FB1C6-BD03-4DF6-90DB-B77CEEA51CE1}.Release|x86.ActiveCfg = Release|Any CPU
		{2B1FB1C6-BD03-4DF6-90DB-B77CEEA51CE1}.Release|x86.Build.0 = Release|Any CPU
		{65CB76AD-DA1A-43C6-AC5A-6016665F6D8B}.Debug|Any CPU.ActiveCfg = Debug|Any CPU
		{65CB76AD-DA1A-43C6-AC5A-6016665F6D8B}.Debug|Any CPU.Build.0 = Debug|Any CPU
		{65CB76AD-DA1A-43C6-AC5A-6016665F6D8B}.Debug|ARM64.ActiveCfg = Debug|Any CPU
		{65CB76AD-DA1A-43C6-AC5A-6016665F6D8B}.Debug|ARM64.Build.0 = Debug|Any CPU
		{65CB76AD-DA1A-43C6-AC5A-6016665F6D8B}.Debug|x64.ActiveCfg = Debug|Any CPU
		{65CB76AD-DA1A-43C6-AC5A-6016665F6D8B}.Debug|x64.Build.0 = Debug|Any CPU
		{65CB76AD-DA1A-43C6-AC5A-6016665F6D8B}.Debug|x86.ActiveCfg = Debug|Any CPU
		{65CB76AD-DA1A-43C6-AC5A-6016665F6D8B}.Debug|x86.Build.0 = Debug|Any CPU
		{65CB76AD-DA1A-43C6-AC5A-6016665F6D8B}.Release|Any CPU.ActiveCfg = Release|Any CPU
		{65CB76AD-DA1A-43C6-AC5A-6016665F6D8B}.Release|Any CPU.Build.0 = Release|Any CPU
		{65CB76AD-DA1A-43C6-AC5A-6016665F6D8B}.Release|ARM64.ActiveCfg = Release|Any CPU
		{65CB76AD-DA1A-43C6-AC5A-6016665F6D8B}.Release|ARM64.Build.0 = Release|Any CPU
		{65CB76AD-DA1A-43C6-AC5A-6016665F6D8B}.Release|x64.ActiveCfg = Release|Any CPU
		{65CB76AD-DA1A-43C6-AC5A-6016665F6D8B}.Release|x64.Build.0 = Release|Any CPU
		{65CB76AD-DA1A-43C6-AC5A-6016665F6D8B}.Release|x86.ActiveCfg = Release|Any CPU
		{65CB76AD-DA1A-43C6-AC5A-6016665F6D8B}.Release|x86.Build.0 = Release|Any CPU
		{777ACDD2-9315-4228-BA50-325E9D8E6341}.Debug|Any CPU.ActiveCfg = Debug|Any CPU
		{777ACDD2-9315-4228-BA50-325E9D8E6341}.Debug|Any CPU.Build.0 = Debug|Any CPU
		{777ACDD2-9315-4228-BA50-325E9D8E6341}.Debug|ARM64.ActiveCfg = Debug|Any CPU
		{777ACDD2-9315-4228-BA50-325E9D8E6341}.Debug|ARM64.Build.0 = Debug|Any CPU
		{777ACDD2-9315-4228-BA50-325E9D8E6341}.Debug|x64.ActiveCfg = Debug|Any CPU
		{777ACDD2-9315-4228-BA50-325E9D8E6341}.Debug|x64.Build.0 = Debug|Any CPU
		{777ACDD2-9315-4228-BA50-325E9D8E6341}.Debug|x86.ActiveCfg = Debug|Any CPU
		{777ACDD2-9315-4228-BA50-325E9D8E6341}.Debug|x86.Build.0 = Debug|Any CPU
		{777ACDD2-9315-4228-BA50-325E9D8E6341}.Release|Any CPU.ActiveCfg = Release|Any CPU
		{777ACDD2-9315-4228-BA50-325E9D8E6341}.Release|Any CPU.Build.0 = Release|Any CPU
		{777ACDD2-9315-4228-BA50-325E9D8E6341}.Release|ARM64.ActiveCfg = Release|Any CPU
		{777ACDD2-9315-4228-BA50-325E9D8E6341}.Release|ARM64.Build.0 = Release|Any CPU
		{777ACDD2-9315-4228-BA50-325E9D8E6341}.Release|x64.ActiveCfg = Release|Any CPU
		{777ACDD2-9315-4228-BA50-325E9D8E6341}.Release|x64.Build.0 = Release|Any CPU
		{777ACDD2-9315-4228-BA50-325E9D8E6341}.Release|x86.ActiveCfg = Release|Any CPU
		{777ACDD2-9315-4228-BA50-325E9D8E6341}.Release|x86.Build.0 = Release|Any CPU
		{B40BE0A3-2E66-4CA1-8BD4-CFD76F801DD1}.Debug|Any CPU.ActiveCfg = Debug|Any CPU
		{B40BE0A3-2E66-4CA1-8BD4-CFD76F801DD1}.Debug|Any CPU.Build.0 = Debug|Any CPU
		{B40BE0A3-2E66-4CA1-8BD4-CFD76F801DD1}.Debug|ARM64.ActiveCfg = Debug|Any CPU
		{B40BE0A3-2E66-4CA1-8BD4-CFD76F801DD1}.Debug|ARM64.Build.0 = Debug|Any CPU
		{B40BE0A3-2E66-4CA1-8BD4-CFD76F801DD1}.Debug|x64.ActiveCfg = Debug|Any CPU
		{B40BE0A3-2E66-4CA1-8BD4-CFD76F801DD1}.Debug|x64.Build.0 = Debug|Any CPU
		{B40BE0A3-2E66-4CA1-8BD4-CFD76F801DD1}.Debug|x86.ActiveCfg = Debug|Any CPU
		{B40BE0A3-2E66-4CA1-8BD4-CFD76F801DD1}.Debug|x86.Build.0 = Debug|Any CPU
		{B40BE0A3-2E66-4CA1-8BD4-CFD76F801DD1}.Release|Any CPU.ActiveCfg = Release|Any CPU
		{B40BE0A3-2E66-4CA1-8BD4-CFD76F801DD1}.Release|Any CPU.Build.0 = Release|Any CPU
		{B40BE0A3-2E66-4CA1-8BD4-CFD76F801DD1}.Release|ARM64.ActiveCfg = Release|Any CPU
		{B40BE0A3-2E66-4CA1-8BD4-CFD76F801DD1}.Release|ARM64.Build.0 = Release|Any CPU
		{B40BE0A3-2E66-4CA1-8BD4-CFD76F801DD1}.Release|x64.ActiveCfg = Release|Any CPU
		{B40BE0A3-2E66-4CA1-8BD4-CFD76F801DD1}.Release|x64.Build.0 = Release|Any CPU
		{B40BE0A3-2E66-4CA1-8BD4-CFD76F801DD1}.Release|x86.ActiveCfg = Release|Any CPU
		{B40BE0A3-2E66-4CA1-8BD4-CFD76F801DD1}.Release|x86.Build.0 = Release|Any CPU
		{32B29EF3-D7B1-4EA0-A93F-3C6220EF0011}.Debug|Any CPU.ActiveCfg = Debug|Any CPU
		{32B29EF3-D7B1-4EA0-A93F-3C6220EF0011}.Debug|Any CPU.Build.0 = Debug|Any CPU
		{32B29EF3-D7B1-4EA0-A93F-3C6220EF0011}.Debug|ARM64.ActiveCfg = Debug|Any CPU
		{32B29EF3-D7B1-4EA0-A93F-3C6220EF0011}.Debug|ARM64.Build.0 = Debug|Any CPU
		{32B29EF3-D7B1-4EA0-A93F-3C6220EF0011}.Debug|x64.ActiveCfg = Debug|Any CPU
		{32B29EF3-D7B1-4EA0-A93F-3C6220EF0011}.Debug|x64.Build.0 = Debug|Any CPU
		{32B29EF3-D7B1-4EA0-A93F-3C6220EF0011}.Debug|x86.ActiveCfg = Debug|Any CPU
		{32B29EF3-D7B1-4EA0-A93F-3C6220EF0011}.Debug|x86.Build.0 = Debug|Any CPU
		{32B29EF3-D7B1-4EA0-A93F-3C6220EF0011}.Release|Any CPU.ActiveCfg = Release|Any CPU
		{32B29EF3-D7B1-4EA0-A93F-3C6220EF0011}.Release|Any CPU.Build.0 = Release|Any CPU
		{32B29EF3-D7B1-4EA0-A93F-3C6220EF0011}.Release|ARM64.ActiveCfg = Release|Any CPU
		{32B29EF3-D7B1-4EA0-A93F-3C6220EF0011}.Release|ARM64.Build.0 = Release|Any CPU
		{32B29EF3-D7B1-4EA0-A93F-3C6220EF0011}.Release|x64.ActiveCfg = Release|Any CPU
		{32B29EF3-D7B1-4EA0-A93F-3C6220EF0011}.Release|x64.Build.0 = Release|Any CPU
		{32B29EF3-D7B1-4EA0-A93F-3C6220EF0011}.Release|x86.ActiveCfg = Release|Any CPU
		{32B29EF3-D7B1-4EA0-A93F-3C6220EF0011}.Release|x86.Build.0 = Release|Any CPU
	EndGlobalSection
	GlobalSection(SolutionProperties) = preSolution
		HideSolutionNode = FALSE
	EndGlobalSection
	GlobalSection(NestedProjects) = preSolution
		{9237F9B3-A28D-4521-99F9-CBCB0B5EE30E} = {4AAF05CF-97F6-469D-BCB4-23802A4A0C6F}
		{4D372C56-4C96-4245-AF66-C6D9994778D0} = {6928EC51-115C-4FF0-BF4B-F1B31369B669}
		{A365EFA9-BA05-4D46-8AA9-6DAE4A0ABFC3} = {6928EC51-115C-4FF0-BF4B-F1B31369B669}
		{BADFA1F2-A38F-4A6D-B208-C7ABEDAF1C2A} = {6928EC51-115C-4FF0-BF4B-F1B31369B669}
		{DF19313B-CCBC-4989-9D42-4E7F73045539} = {6928EC51-115C-4FF0-BF4B-F1B31369B669}
		{96B89F30-5386-4469-B19E-E73CA370E878} = {6928EC51-115C-4FF0-BF4B-F1B31369B669}
		{8E9462B1-B030-4F5D-90F9-BB304581B6EF} = {4AAF05CF-97F6-469D-BCB4-23802A4A0C6F}
		{C56C60F0-C717-4AA1-8B4E-C516A83031A9} = {4AAF05CF-97F6-469D-BCB4-23802A4A0C6F}
		{1024C320-57B8-445D-875E-5D969E7CA520} = {4AAF05CF-97F6-469D-BCB4-23802A4A0C6F}
		{2B1FB1C6-BD03-4DF6-90DB-B77CEEA51CE1} = {4AAF05CF-97F6-469D-BCB4-23802A4A0C6F}
		{65CB76AD-DA1A-43C6-AC5A-6016665F6D8B} = {4AAF05CF-97F6-469D-BCB4-23802A4A0C6F}
		{777ACDD2-9315-4228-BA50-325E9D8E6341} = {FA4DA991-3892-465F-9789-7A351FD53033}
		{B40BE0A3-2E66-4CA1-8BD4-CFD76F801DD1} = {FA4DA991-3892-465F-9789-7A351FD53033}
		{32B29EF3-D7B1-4EA0-A93F-3C6220EF0011} = {FA4DA991-3892-465F-9789-7A351FD53033}
	EndGlobalSection
	GlobalSection(ExtensibilityGlobals) = postSolution
		SolutionGuid = {5A195D36-BD13-472D-B17E-5070E06D82C8}
	EndGlobalSection
EndGlobal
