
Microsoft Visual Studio Solution File, Format Version 12.00
# Visual Studio Version 17
VisualStudioVersion = 17.7.33906.173
MinimumVisualStudioVersion = 10.0.40219.1
Project("{9A19103F-16F7-4668-BE54-9A1E7A4F7556}") = "App", "src\App\App.csproj", "{4B8115E7-B636-499D-8C2E-40DF4DF01FC2}"
EndProject
Project("{2150E333-8FDC-42A3-9474-1A3956D46DE8}") = "Libs", "Libs", "{4AAF05CF-97F6-469D-BCB4-23802A4A0C6F}"
EndProject
Project("{2150E333-8FDC-42A3-9474-1A3956D46DE8}") = "Models", "Models", "{6928EC51-115C-4FF0-BF4B-F1B31369B669}"
EndProject
Project("{9A19103F-16F7-4668-BE54-9A1E7A4F7556}") = "ViewModels", "src\ViewModels\ViewModels.csproj", "{C6363806-EDC2-43BA-A015-58CF3C1A174E}"
EndProject
Project("{9A19103F-16F7-4668-BE54-9A1E7A4F7556}") = "Libs.ResourceGenerator", "src\Libs\Libs.ResourceGenerator\Libs.ResourceGenerator.csproj", "{9237F9B3-A28D-4521-99F9-CBCB0B5EE30E}"
EndProject
Project("{9A19103F-16F7-4668-BE54-9A1E7A4F7556}") = "Models.App", "src\Models\Models.App\Models.App.csproj", "{4D372C56-4C96-4245-AF66-C6D9994778D0}"
EndProject
Project("{9A19103F-16F7-4668-BE54-9A1E7A4F7556}") = "Models.Constants", "src\Models\Models.Constants\Models.Constants.csproj", "{A365EFA9-BA05-4D46-8AA9-6DAE4A0ABFC3}"
EndProject
Project("{9A19103F-16F7-4668-BE54-9A1E7A4F7556}") = "Models.BiliBili", "src\Models\Models.BiliBili\Models.BiliBili.csproj", "{BADFA1F2-A38F-4A6D-B208-C7ABEDAF1C2A}"
EndProject
Project("{9A19103F-16F7-4668-BE54-9A1E7A4F7556}") = "Models.Grpc", "src\Models\Models.Grpc\Models.Grpc.csproj", "{DF19313B-CCBC-4989-9D42-4E7F73045539}"
EndProject
Project("{9A19103F-16F7-4668-BE54-9A1E7A4F7556}") = "Models.Data", "src\Models\Models.Data\Models.Data.csproj", "{96B89F30-5386-4469-B19E-E73CA370E878}"
EndProject
Project("{9A19103F-16F7-4668-BE54-9A1E7A4F7556}") = "Libs.Adapter", "src\Libs\Libs.Adapter\Libs.Adapter.csproj", "{8E9462B1-B030-4F5D-90F9-BB304581B6EF}"
EndProject
Project("{9A19103F-16F7-4668-BE54-9A1E7A4F7556}") = "Libs.Toolkit", "src\Libs\Libs.Toolkit\Libs.Toolkit.csproj", "{C56C60F0-C717-4AA1-8B4E-C516A83031A9}"
EndProject
Project("{9A19103F-16F7-4668-BE54-9A1E7A4F7556}") = "Libs.Provider", "src\Libs\Libs.Provider\Libs.Provider.csproj", "{1024C320-57B8-445D-875E-5D969E7CA520}"
EndProject
Project("{9A19103F-16F7-4668-BE54-9A1E7A4F7556}") = "Libs.Flyleaf", "src\Libs\Libs.Flyleaf\Libs.Flyleaf.csproj", "{2B1FB1C6-BD03-4DF6-90DB-B77CEEA51CE1}"
EndProject
Project("{9A19103F-16F7-4668-BE54-9A1E7A4F7556}") = "Libs.WebDavClient", "src\Libs\Libs.WebDavClient\Libs.WebDavClient.csproj", "{65CB76AD-DA1A-43C6-AC5A-6016665F6D8B}"
EndProject
Project("{9A19103F-16F7-4668-BE54-9A1E7A4F7556}") = "BiliKernel.Abstractions", "src\Libs\bili-kernel\src\BiliKernel.Abstractions\BiliKernel.Abstractions.csproj", "{94D5AF15-555A-4089-924A-BE7E397B7EE0}"
EndProject
Project("{9A19103F-16F7-4668-BE54-9A1E7A4F7556}") = "BiliKernel.Core", "src\Libs\bili-kernel\src\BiliKernel.Core\BiliKernel.Core.csproj", "{F462F1B6-65C3-45FE-A833-9857E8EC342A}"
EndProject
Project("{9A19103F-16F7-4668-BE54-9A1E7A4F7556}") = "BiliKernel.Grpc", "src\Libs\bili-kernel\src\BiliKernel.Grpc\BiliKernel.Grpc.csproj", "{31F50E98-179E-4511-B724-9DAD14269205}"
EndProject
Project("{9A19103F-16F7-4668-BE54-9A1E7A4F7556}") = "Authorizers.Tv", "src\Libs\bili-kernel\src\Authorizers\Authorizers.Tv\Authorizers.Tv.csproj", "{B4E6D521-6066-454D-9BA3-F967DD5714B1}"
EndProject
Project("{9A19103F-16F7-4668-BE54-9A1E7A4F7556}") = "Services.Article", "src\Libs\bili-kernel\src\Services\Services.Article\Services.Article.csproj", "{73AE3C54-C7E7-486F-9098-0E22F3EC3647}"
EndProject
Project("{9A19103F-16F7-4668-BE54-9A1E7A4F7556}") = "Services.Media", "src\Libs\bili-kernel\src\Services\Services.Media\Services.Media.csproj", "{5E9D7DF8-5BDF-4B02-9C25-8192A51CD660}"
EndProject
Project("{9A19103F-16F7-4668-BE54-9A1E7A4F7556}") = "Services.Moment", "src\Libs\bili-kernel\src\Services\Services.Moment\Services.Moment.csproj", "{2A73022C-87FC-483A-A84E-3DD04A943FA3}"
EndProject
Project("{9A19103F-16F7-4668-BE54-9A1E7A4F7556}") = "Services.Search", "src\Libs\bili-kernel\src\Services\Services.Search\Services.Search.csproj", "{36276C9D-7452-4E14-AFC3-EF65CC9EA17B}"
EndProject
Project("{9A19103F-16F7-4668-BE54-9A1E7A4F7556}") = "Services.User", "src\Libs\bili-kernel\src\Services\Services.User\Services.User.csproj", "{06F41C62-71B5-4360-817B-3F4D31644B7C}"
EndProject
Project("{2150E333-8FDC-42A3-9474-1A3956D46DE8}") = "Desktop", "Desktop", "{4CE20E49-7BD8-456B-AD2E-6B3D2F87EF20}"
EndProject
Project("{9A19103F-16F7-4668-BE54-9A1E7A4F7556}") = "BiliCopilot.UI", "src\Desktop\BiliCopilot.UI\BiliCopilot.UI.csproj", "{1E60B137-A0B8-4FC6-86AA-EFE98E5D8135}"
EndProject
Project("{9A19103F-16F7-4668-BE54-9A1E7A4F7556}") = "BiliCopilot.UI.Models", "src\Desktop\BiliCopilot.UI.Models\BiliCopilot.UI.Models.csproj", "{E8FA9083-C203-42CA-9D28-1D1D045E770B}"
EndProject
Project("{9A19103F-16F7-4668-BE54-9A1E7A4F7556}") = "BiliCopilot.UI.ResourceGenerator", "src\Desktop\BiliCopilot.UI.ResourceGenerator\BiliCopilot.UI.ResourceGenerator.csproj", "{31E36098-D978-48FF-AE52-AD37BDF4CB6B}"
EndProject
Project("{9A19103F-16F7-4668-BE54-9A1E7A4F7556}") = "Resolvers.WinUIToken", "src\Libs\bili-kernel\src\Resolvers\Resolvers.WinUIToken\Resolvers.WinUIToken.csproj", "{F04E1969-6049-4894-A3C4-C928AC3EF965}"
EndProject
Project("{9A19103F-16F7-4668-BE54-9A1E7A4F7556}") = "Resolvers.WinUICookies", "src\Libs\bili-kernel\src\Resolvers\Resolvers.WinUICookies\Resolvers.WinUICookies.csproj", "{4A9045C4-B295-43F8-8B72-243DB8299C1A}"
EndProject
Project("{9A19103F-16F7-4668-BE54-9A1E7A4F7556}") = "Resolvers.WinUIQRCode", "src\Libs\bili-kernel\src\Resolvers\Resolvers.WinUIQRCode\Resolvers.WinUIQRCode.csproj", "{91A1C2B5-D3DD-47A6-8EEA-642C42096A49}"
EndProject
Project("{9A19103F-16F7-4668-BE54-9A1E7A4F7556}") = "Richasy.WinUI.Share", "src\Libs\WinUI.Share\src\Richasy.WinUI.Share.csproj", "{50BC1CC1-7508-4F61-A4A7-0E8EF4426B51}"
EndProject
Project("{9A19103F-16F7-4668-BE54-9A1E7A4F7556}") = "Services.Comment", "src\Libs\bili-kernel\src\Services\Services.Comment\Services.Comment.csproj", "{4E72EB50-C7F4-488D-9BB2-9E84D022DEB3}"
EndProject
Project("{9A19103F-16F7-4668-BE54-9A1E7A4F7556}") = "Mpv.Core", "src\Libs\mpv-winui\src\Mpv.Core\Mpv.Core.csproj", "{67663502-4741-4F7D-BDA2-9614B2D9D9B9}"
EndProject
Global
	GlobalSection(SolutionConfigurationPlatforms) = preSolution
		Debug|Any CPU = Debug|Any CPU
		Debug|ARM64 = Debug|ARM64
		Debug|x64 = Debug|x64
		Debug|x86 = Debug|x86
		Publish|Any CPU = Publish|Any CPU
		Publish|ARM64 = Publish|ARM64
		Publish|x64 = Publish|x64
		Publish|x86 = Publish|x86
		Release|Any CPU = Release|Any CPU
		Release|ARM64 = Release|ARM64
		Release|x64 = Release|x64
		Release|x86 = Release|x86
	EndGlobalSection
	GlobalSection(ProjectConfigurationPlatforms) = postSolution
		{4B8115E7-B636-499D-8C2E-40DF4DF01FC2}.Debug|Any CPU.ActiveCfg = Debug|x64
		{4B8115E7-B636-499D-8C2E-40DF4DF01FC2}.Debug|Any CPU.Build.0 = Debug|x64
		{4B8115E7-B636-499D-8C2E-40DF4DF01FC2}.Debug|Any CPU.Deploy.0 = Debug|x64
		{4B8115E7-B636-499D-8C2E-40DF4DF01FC2}.Debug|ARM64.ActiveCfg = Debug|ARM64
		{4B8115E7-B636-499D-8C2E-40DF4DF01FC2}.Debug|ARM64.Build.0 = Debug|ARM64
		{4B8115E7-B636-499D-8C2E-40DF4DF01FC2}.Debug|ARM64.Deploy.0 = Debug|ARM64
		{4B8115E7-B636-499D-8C2E-40DF4DF01FC2}.Debug|x64.ActiveCfg = Debug|x64
		{4B8115E7-B636-499D-8C2E-40DF4DF01FC2}.Debug|x64.Build.0 = Debug|x64
		{4B8115E7-B636-499D-8C2E-40DF4DF01FC2}.Debug|x64.Deploy.0 = Debug|x64
		{4B8115E7-B636-499D-8C2E-40DF4DF01FC2}.Debug|x86.ActiveCfg = Debug|x86
		{4B8115E7-B636-499D-8C2E-40DF4DF01FC2}.Debug|x86.Build.0 = Debug|x86
		{4B8115E7-B636-499D-8C2E-40DF4DF01FC2}.Debug|x86.Deploy.0 = Debug|x86
		{4B8115E7-B636-499D-8C2E-40DF4DF01FC2}.Publish|Any CPU.ActiveCfg = Publish|x64
		{4B8115E7-B636-499D-8C2E-40DF4DF01FC2}.Publish|Any CPU.Build.0 = Publish|x64
		{4B8115E7-B636-499D-8C2E-40DF4DF01FC2}.Publish|Any CPU.Deploy.0 = Publish|x64
		{4B8115E7-B636-499D-8C2E-40DF4DF01FC2}.Publish|ARM64.ActiveCfg = Publish|ARM64
		{4B8115E7-B636-499D-8C2E-40DF4DF01FC2}.Publish|ARM64.Build.0 = Publish|ARM64
		{4B8115E7-B636-499D-8C2E-40DF4DF01FC2}.Publish|ARM64.Deploy.0 = Publish|ARM64
		{4B8115E7-B636-499D-8C2E-40DF4DF01FC2}.Publish|x64.ActiveCfg = Publish|x64
		{4B8115E7-B636-499D-8C2E-40DF4DF01FC2}.Publish|x64.Build.0 = Publish|x64
		{4B8115E7-B636-499D-8C2E-40DF4DF01FC2}.Publish|x64.Deploy.0 = Publish|x64
		{4B8115E7-B636-499D-8C2E-40DF4DF01FC2}.Publish|x86.ActiveCfg = Publish|x86
		{4B8115E7-B636-499D-8C2E-40DF4DF01FC2}.Publish|x86.Build.0 = Publish|x86
		{4B8115E7-B636-499D-8C2E-40DF4DF01FC2}.Publish|x86.Deploy.0 = Publish|x86
		{4B8115E7-B636-499D-8C2E-40DF4DF01FC2}.Release|Any CPU.ActiveCfg = Release|x64
		{4B8115E7-B636-499D-8C2E-40DF4DF01FC2}.Release|Any CPU.Build.0 = Release|x64
		{4B8115E7-B636-499D-8C2E-40DF4DF01FC2}.Release|Any CPU.Deploy.0 = Release|x64
		{4B8115E7-B636-499D-8C2E-40DF4DF01FC2}.Release|ARM64.ActiveCfg = Release|ARM64
		{4B8115E7-B636-499D-8C2E-40DF4DF01FC2}.Release|ARM64.Build.0 = Release|ARM64
		{4B8115E7-B636-499D-8C2E-40DF4DF01FC2}.Release|ARM64.Deploy.0 = Release|ARM64
		{4B8115E7-B636-499D-8C2E-40DF4DF01FC2}.Release|x64.ActiveCfg = Release|x64
		{4B8115E7-B636-499D-8C2E-40DF4DF01FC2}.Release|x64.Build.0 = Release|x64
		{4B8115E7-B636-499D-8C2E-40DF4DF01FC2}.Release|x64.Deploy.0 = Release|x64
		{4B8115E7-B636-499D-8C2E-40DF4DF01FC2}.Release|x86.ActiveCfg = Release|x86
		{4B8115E7-B636-499D-8C2E-40DF4DF01FC2}.Release|x86.Build.0 = Release|x86
		{4B8115E7-B636-499D-8C2E-40DF4DF01FC2}.Release|x86.Deploy.0 = Release|x86
		{C6363806-EDC2-43BA-A015-58CF3C1A174E}.Debug|Any CPU.ActiveCfg = Debug|x64
		{C6363806-EDC2-43BA-A015-58CF3C1A174E}.Debug|Any CPU.Build.0 = Debug|x64
		{C6363806-EDC2-43BA-A015-58CF3C1A174E}.Debug|ARM64.ActiveCfg = Debug|Any CPU
		{C6363806-EDC2-43BA-A015-58CF3C1A174E}.Debug|ARM64.Build.0 = Debug|Any CPU
		{C6363806-EDC2-43BA-A015-58CF3C1A174E}.Debug|x64.ActiveCfg = Debug|x64
		{C6363806-EDC2-43BA-A015-58CF3C1A174E}.Debug|x64.Build.0 = Debug|x64
		{C6363806-EDC2-43BA-A015-58CF3C1A174E}.Debug|x86.ActiveCfg = Debug|Any CPU
		{C6363806-EDC2-43BA-A015-58CF3C1A174E}.Debug|x86.Build.0 = Debug|Any CPU
		{C6363806-EDC2-43BA-A015-58CF3C1A174E}.Publish|Any CPU.ActiveCfg = Publish|x64
		{C6363806-EDC2-43BA-A015-58CF3C1A174E}.Publish|Any CPU.Build.0 = Publish|x64
		{C6363806-EDC2-43BA-A015-58CF3C1A174E}.Publish|ARM64.ActiveCfg = Publish|ARM64
		{C6363806-EDC2-43BA-A015-58CF3C1A174E}.Publish|ARM64.Build.0 = Publish|ARM64
		{C6363806-EDC2-43BA-A015-58CF3C1A174E}.Publish|x64.ActiveCfg = Publish|x64
		{C6363806-EDC2-43BA-A015-58CF3C1A174E}.Publish|x64.Build.0 = Publish|x64
		{C6363806-EDC2-43BA-A015-58CF3C1A174E}.Publish|x86.ActiveCfg = Publish|x86
		{C6363806-EDC2-43BA-A015-58CF3C1A174E}.Publish|x86.Build.0 = Publish|x86
		{C6363806-EDC2-43BA-A015-58CF3C1A174E}.Release|Any CPU.ActiveCfg = Release|Any CPU
		{C6363806-EDC2-43BA-A015-58CF3C1A174E}.Release|Any CPU.Build.0 = Release|Any CPU
		{C6363806-EDC2-43BA-A015-58CF3C1A174E}.Release|ARM64.ActiveCfg = Release|ARM64
		{C6363806-EDC2-43BA-A015-58CF3C1A174E}.Release|ARM64.Build.0 = Release|ARM64
		{C6363806-EDC2-43BA-A015-58CF3C1A174E}.Release|x64.ActiveCfg = Release|x64
		{C6363806-EDC2-43BA-A015-58CF3C1A174E}.Release|x64.Build.0 = Release|x64
		{C6363806-EDC2-43BA-A015-58CF3C1A174E}.Release|x86.ActiveCfg = Release|Any CPU
		{C6363806-EDC2-43BA-A015-58CF3C1A174E}.Release|x86.Build.0 = Release|Any CPU
		{9237F9B3-A28D-4521-99F9-CBCB0B5EE30E}.Debug|Any CPU.ActiveCfg = Debug|Any CPU
		{9237F9B3-A28D-4521-99F9-CBCB0B5EE30E}.Debug|Any CPU.Build.0 = Debug|Any CPU
		{9237F9B3-A28D-4521-99F9-CBCB0B5EE30E}.Debug|ARM64.ActiveCfg = Debug|Any CPU
		{9237F9B3-A28D-4521-99F9-CBCB0B5EE30E}.Debug|ARM64.Build.0 = Debug|Any CPU
		{9237F9B3-A28D-4521-99F9-CBCB0B5EE30E}.Debug|x64.ActiveCfg = Debug|Any CPU
		{9237F9B3-A28D-4521-99F9-CBCB0B5EE30E}.Debug|x64.Build.0 = Debug|Any CPU
		{9237F9B3-A28D-4521-99F9-CBCB0B5EE30E}.Debug|x86.ActiveCfg = Debug|Any CPU
		{9237F9B3-A28D-4521-99F9-CBCB0B5EE30E}.Debug|x86.Build.0 = Debug|Any CPU
		{9237F9B3-A28D-4521-99F9-CBCB0B5EE30E}.Publish|Any CPU.ActiveCfg = Publish|Any CPU
		{9237F9B3-A28D-4521-99F9-CBCB0B5EE30E}.Publish|Any CPU.Build.0 = Publish|Any CPU
		{9237F9B3-A28D-4521-99F9-CBCB0B5EE30E}.Publish|ARM64.ActiveCfg = Publish|Any CPU
		{9237F9B3-A28D-4521-99F9-CBCB0B5EE30E}.Publish|ARM64.Build.0 = Publish|Any CPU
		{9237F9B3-A28D-4521-99F9-CBCB0B5EE30E}.Publish|x64.ActiveCfg = Publish|Any CPU
		{9237F9B3-A28D-4521-99F9-CBCB0B5EE30E}.Publish|x64.Build.0 = Publish|Any CPU
		{9237F9B3-A28D-4521-99F9-CBCB0B5EE30E}.Publish|x86.ActiveCfg = Publish|Any CPU
		{9237F9B3-A28D-4521-99F9-CBCB0B5EE30E}.Publish|x86.Build.0 = Publish|Any CPU
		{9237F9B3-A28D-4521-99F9-CBCB0B5EE30E}.Release|Any CPU.ActiveCfg = Release|Any CPU
		{9237F9B3-A28D-4521-99F9-CBCB0B5EE30E}.Release|Any CPU.Build.0 = Release|Any CPU
		{9237F9B3-A28D-4521-99F9-CBCB0B5EE30E}.Release|ARM64.ActiveCfg = Release|Any CPU
		{9237F9B3-A28D-4521-99F9-CBCB0B5EE30E}.Release|ARM64.Build.0 = Release|Any CPU
		{9237F9B3-A28D-4521-99F9-CBCB0B5EE30E}.Release|x64.ActiveCfg = Release|Any CPU
		{9237F9B3-A28D-4521-99F9-CBCB0B5EE30E}.Release|x64.Build.0 = Release|Any CPU
		{9237F9B3-A28D-4521-99F9-CBCB0B5EE30E}.Release|x86.ActiveCfg = Release|Any CPU
		{9237F9B3-A28D-4521-99F9-CBCB0B5EE30E}.Release|x86.Build.0 = Release|Any CPU
		{4D372C56-4C96-4245-AF66-C6D9994778D0}.Debug|Any CPU.ActiveCfg = Debug|Any CPU
		{4D372C56-4C96-4245-AF66-C6D9994778D0}.Debug|Any CPU.Build.0 = Debug|Any CPU
		{4D372C56-4C96-4245-AF66-C6D9994778D0}.Debug|ARM64.ActiveCfg = Debug|Any CPU
		{4D372C56-4C96-4245-AF66-C6D9994778D0}.Debug|ARM64.Build.0 = Debug|Any CPU
		{4D372C56-4C96-4245-AF66-C6D9994778D0}.Debug|x64.ActiveCfg = Debug|Any CPU
		{4D372C56-4C96-4245-AF66-C6D9994778D0}.Debug|x64.Build.0 = Debug|Any CPU
		{4D372C56-4C96-4245-AF66-C6D9994778D0}.Debug|x86.ActiveCfg = Debug|Any CPU
		{4D372C56-4C96-4245-AF66-C6D9994778D0}.Debug|x86.Build.0 = Debug|Any CPU
		{4D372C56-4C96-4245-AF66-C6D9994778D0}.Publish|Any CPU.ActiveCfg = Publish|Any CPU
		{4D372C56-4C96-4245-AF66-C6D9994778D0}.Publish|Any CPU.Build.0 = Publish|Any CPU
		{4D372C56-4C96-4245-AF66-C6D9994778D0}.Publish|ARM64.ActiveCfg = Publish|Any CPU
		{4D372C56-4C96-4245-AF66-C6D9994778D0}.Publish|ARM64.Build.0 = Publish|Any CPU
		{4D372C56-4C96-4245-AF66-C6D9994778D0}.Publish|x64.ActiveCfg = Publish|Any CPU
		{4D372C56-4C96-4245-AF66-C6D9994778D0}.Publish|x64.Build.0 = Publish|Any CPU
		{4D372C56-4C96-4245-AF66-C6D9994778D0}.Publish|x86.ActiveCfg = Publish|Any CPU
		{4D372C56-4C96-4245-AF66-C6D9994778D0}.Publish|x86.Build.0 = Publish|Any CPU
		{4D372C56-4C96-4245-AF66-C6D9994778D0}.Release|Any CPU.ActiveCfg = Release|Any CPU
		{4D372C56-4C96-4245-AF66-C6D9994778D0}.Release|Any CPU.Build.0 = Release|Any CPU
		{4D372C56-4C96-4245-AF66-C6D9994778D0}.Release|ARM64.ActiveCfg = Release|Any CPU
		{4D372C56-4C96-4245-AF66-C6D9994778D0}.Release|ARM64.Build.0 = Release|Any CPU
		{4D372C56-4C96-4245-AF66-C6D9994778D0}.Release|x64.ActiveCfg = Release|Any CPU
		{4D372C56-4C96-4245-AF66-C6D9994778D0}.Release|x64.Build.0 = Release|Any CPU
		{4D372C56-4C96-4245-AF66-C6D9994778D0}.Release|x86.ActiveCfg = Release|Any CPU
		{4D372C56-4C96-4245-AF66-C6D9994778D0}.Release|x86.Build.0 = Release|Any CPU
		{A365EFA9-BA05-4D46-8AA9-6DAE4A0ABFC3}.Debug|Any CPU.ActiveCfg = Debug|Any CPU
		{A365EFA9-BA05-4D46-8AA9-6DAE4A0ABFC3}.Debug|Any CPU.Build.0 = Debug|Any CPU
		{A365EFA9-BA05-4D46-8AA9-6DAE4A0ABFC3}.Debug|ARM64.ActiveCfg = Debug|Any CPU
		{A365EFA9-BA05-4D46-8AA9-6DAE4A0ABFC3}.Debug|ARM64.Build.0 = Debug|Any CPU
		{A365EFA9-BA05-4D46-8AA9-6DAE4A0ABFC3}.Debug|x64.ActiveCfg = Debug|Any CPU
		{A365EFA9-BA05-4D46-8AA9-6DAE4A0ABFC3}.Debug|x64.Build.0 = Debug|Any CPU
		{A365EFA9-BA05-4D46-8AA9-6DAE4A0ABFC3}.Debug|x86.ActiveCfg = Debug|Any CPU
		{A365EFA9-BA05-4D46-8AA9-6DAE4A0ABFC3}.Debug|x86.Build.0 = Debug|Any CPU
		{A365EFA9-BA05-4D46-8AA9-6DAE4A0ABFC3}.Publish|Any CPU.ActiveCfg = Publish|Any CPU
		{A365EFA9-BA05-4D46-8AA9-6DAE4A0ABFC3}.Publish|Any CPU.Build.0 = Publish|Any CPU
		{A365EFA9-BA05-4D46-8AA9-6DAE4A0ABFC3}.Publish|ARM64.ActiveCfg = Publish|Any CPU
		{A365EFA9-BA05-4D46-8AA9-6DAE4A0ABFC3}.Publish|ARM64.Build.0 = Publish|Any CPU
		{A365EFA9-BA05-4D46-8AA9-6DAE4A0ABFC3}.Publish|x64.ActiveCfg = Publish|Any CPU
		{A365EFA9-BA05-4D46-8AA9-6DAE4A0ABFC3}.Publish|x64.Build.0 = Publish|Any CPU
		{A365EFA9-BA05-4D46-8AA9-6DAE4A0ABFC3}.Publish|x86.ActiveCfg = Publish|Any CPU
		{A365EFA9-BA05-4D46-8AA9-6DAE4A0ABFC3}.Publish|x86.Build.0 = Publish|Any CPU
		{A365EFA9-BA05-4D46-8AA9-6DAE4A0ABFC3}.Release|Any CPU.ActiveCfg = Release|Any CPU
		{A365EFA9-BA05-4D46-8AA9-6DAE4A0ABFC3}.Release|Any CPU.Build.0 = Release|Any CPU
		{A365EFA9-BA05-4D46-8AA9-6DAE4A0ABFC3}.Release|ARM64.ActiveCfg = Release|Any CPU
		{A365EFA9-BA05-4D46-8AA9-6DAE4A0ABFC3}.Release|ARM64.Build.0 = Release|Any CPU
		{A365EFA9-BA05-4D46-8AA9-6DAE4A0ABFC3}.Release|x64.ActiveCfg = Release|Any CPU
		{A365EFA9-BA05-4D46-8AA9-6DAE4A0ABFC3}.Release|x64.Build.0 = Release|Any CPU
		{A365EFA9-BA05-4D46-8AA9-6DAE4A0ABFC3}.Release|x86.ActiveCfg = Release|Any CPU
		{A365EFA9-BA05-4D46-8AA9-6DAE4A0ABFC3}.Release|x86.Build.0 = Release|Any CPU
		{BADFA1F2-A38F-4A6D-B208-C7ABEDAF1C2A}.Debug|Any CPU.ActiveCfg = Debug|Any CPU
		{BADFA1F2-A38F-4A6D-B208-C7ABEDAF1C2A}.Debug|Any CPU.Build.0 = Debug|Any CPU
		{BADFA1F2-A38F-4A6D-B208-C7ABEDAF1C2A}.Debug|ARM64.ActiveCfg = Debug|Any CPU
		{BADFA1F2-A38F-4A6D-B208-C7ABEDAF1C2A}.Debug|ARM64.Build.0 = Debug|Any CPU
		{BADFA1F2-A38F-4A6D-B208-C7ABEDAF1C2A}.Debug|x64.ActiveCfg = Debug|Any CPU
		{BADFA1F2-A38F-4A6D-B208-C7ABEDAF1C2A}.Debug|x64.Build.0 = Debug|Any CPU
		{BADFA1F2-A38F-4A6D-B208-C7ABEDAF1C2A}.Debug|x86.ActiveCfg = Debug|Any CPU
		{BADFA1F2-A38F-4A6D-B208-C7ABEDAF1C2A}.Debug|x86.Build.0 = Debug|Any CPU
		{BADFA1F2-A38F-4A6D-B208-C7ABEDAF1C2A}.Publish|Any CPU.ActiveCfg = Publish|Any CPU
		{BADFA1F2-A38F-4A6D-B208-C7ABEDAF1C2A}.Publish|Any CPU.Build.0 = Publish|Any CPU
		{BADFA1F2-A38F-4A6D-B208-C7ABEDAF1C2A}.Publish|ARM64.ActiveCfg = Publish|Any CPU
		{BADFA1F2-A38F-4A6D-B208-C7ABEDAF1C2A}.Publish|ARM64.Build.0 = Publish|Any CPU
		{BADFA1F2-A38F-4A6D-B208-C7ABEDAF1C2A}.Publish|x64.ActiveCfg = Publish|Any CPU
		{BADFA1F2-A38F-4A6D-B208-C7ABEDAF1C2A}.Publish|x64.Build.0 = Publish|Any CPU
		{BADFA1F2-A38F-4A6D-B208-C7ABEDAF1C2A}.Publish|x86.ActiveCfg = Publish|Any CPU
		{BADFA1F2-A38F-4A6D-B208-C7ABEDAF1C2A}.Publish|x86.Build.0 = Publish|Any CPU
		{BADFA1F2-A38F-4A6D-B208-C7ABEDAF1C2A}.Release|Any CPU.ActiveCfg = Release|Any CPU
		{BADFA1F2-A38F-4A6D-B208-C7ABEDAF1C2A}.Release|Any CPU.Build.0 = Release|Any CPU
		{BADFA1F2-A38F-4A6D-B208-C7ABEDAF1C2A}.Release|ARM64.ActiveCfg = Release|Any CPU
		{BADFA1F2-A38F-4A6D-B208-C7ABEDAF1C2A}.Release|ARM64.Build.0 = Release|Any CPU
		{BADFA1F2-A38F-4A6D-B208-C7ABEDAF1C2A}.Release|x64.ActiveCfg = Release|Any CPU
		{BADFA1F2-A38F-4A6D-B208-C7ABEDAF1C2A}.Release|x64.Build.0 = Release|Any CPU
		{BADFA1F2-A38F-4A6D-B208-C7ABEDAF1C2A}.Release|x86.ActiveCfg = Release|Any CPU
		{BADFA1F2-A38F-4A6D-B208-C7ABEDAF1C2A}.Release|x86.Build.0 = Release|Any CPU
		{DF19313B-CCBC-4989-9D42-4E7F73045539}.Debug|Any CPU.ActiveCfg = Debug|Any CPU
		{DF19313B-CCBC-4989-9D42-4E7F73045539}.Debug|Any CPU.Build.0 = Debug|Any CPU
		{DF19313B-CCBC-4989-9D42-4E7F73045539}.Debug|ARM64.ActiveCfg = Debug|Any CPU
		{DF19313B-CCBC-4989-9D42-4E7F73045539}.Debug|ARM64.Build.0 = Debug|Any CPU
		{DF19313B-CCBC-4989-9D42-4E7F73045539}.Debug|x64.ActiveCfg = Debug|Any CPU
		{DF19313B-CCBC-4989-9D42-4E7F73045539}.Debug|x64.Build.0 = Debug|Any CPU
		{DF19313B-CCBC-4989-9D42-4E7F73045539}.Debug|x86.ActiveCfg = Debug|Any CPU
		{DF19313B-CCBC-4989-9D42-4E7F73045539}.Debug|x86.Build.0 = Debug|Any CPU
		{DF19313B-CCBC-4989-9D42-4E7F73045539}.Publish|Any CPU.ActiveCfg = Publish|Any CPU
		{DF19313B-CCBC-4989-9D42-4E7F73045539}.Publish|Any CPU.Build.0 = Publish|Any CPU
		{DF19313B-CCBC-4989-9D42-4E7F73045539}.Publish|ARM64.ActiveCfg = Publish|Any CPU
		{DF19313B-CCBC-4989-9D42-4E7F73045539}.Publish|ARM64.Build.0 = Publish|Any CPU
		{DF19313B-CCBC-4989-9D42-4E7F73045539}.Publish|x64.ActiveCfg = Publish|Any CPU
		{DF19313B-CCBC-4989-9D42-4E7F73045539}.Publish|x64.Build.0 = Publish|Any CPU
		{DF19313B-CCBC-4989-9D42-4E7F73045539}.Publish|x86.ActiveCfg = Publish|Any CPU
		{DF19313B-CCBC-4989-9D42-4E7F73045539}.Publish|x86.Build.0 = Publish|Any CPU
		{DF19313B-CCBC-4989-9D42-4E7F73045539}.Release|Any CPU.ActiveCfg = Release|Any CPU
		{DF19313B-CCBC-4989-9D42-4E7F73045539}.Release|Any CPU.Build.0 = Release|Any CPU
		{DF19313B-CCBC-4989-9D42-4E7F73045539}.Release|ARM64.ActiveCfg = Release|Any CPU
		{DF19313B-CCBC-4989-9D42-4E7F73045539}.Release|ARM64.Build.0 = Release|Any CPU
		{DF19313B-CCBC-4989-9D42-4E7F73045539}.Release|x64.ActiveCfg = Release|Any CPU
		{DF19313B-CCBC-4989-9D42-4E7F73045539}.Release|x64.Build.0 = Release|Any CPU
		{DF19313B-CCBC-4989-9D42-4E7F73045539}.Release|x86.ActiveCfg = Release|Any CPU
		{DF19313B-CCBC-4989-9D42-4E7F73045539}.Release|x86.Build.0 = Release|Any CPU
		{96B89F30-5386-4469-B19E-E73CA370E878}.Debug|Any CPU.ActiveCfg = Debug|Any CPU
		{96B89F30-5386-4469-B19E-E73CA370E878}.Debug|Any CPU.Build.0 = Debug|Any CPU
		{96B89F30-5386-4469-B19E-E73CA370E878}.Debug|ARM64.ActiveCfg = Debug|Any CPU
		{96B89F30-5386-4469-B19E-E73CA370E878}.Debug|ARM64.Build.0 = Debug|Any CPU
		{96B89F30-5386-4469-B19E-E73CA370E878}.Debug|x64.ActiveCfg = Debug|Any CPU
		{96B89F30-5386-4469-B19E-E73CA370E878}.Debug|x64.Build.0 = Debug|Any CPU
		{96B89F30-5386-4469-B19E-E73CA370E878}.Debug|x86.ActiveCfg = Debug|Any CPU
		{96B89F30-5386-4469-B19E-E73CA370E878}.Debug|x86.Build.0 = Debug|Any CPU
		{96B89F30-5386-4469-B19E-E73CA370E878}.Publish|Any CPU.ActiveCfg = Publish|Any CPU
		{96B89F30-5386-4469-B19E-E73CA370E878}.Publish|Any CPU.Build.0 = Publish|Any CPU
		{96B89F30-5386-4469-B19E-E73CA370E878}.Publish|ARM64.ActiveCfg = Publish|Any CPU
		{96B89F30-5386-4469-B19E-E73CA370E878}.Publish|ARM64.Build.0 = Publish|Any CPU
		{96B89F30-5386-4469-B19E-E73CA370E878}.Publish|x64.ActiveCfg = Publish|Any CPU
		{96B89F30-5386-4469-B19E-E73CA370E878}.Publish|x64.Build.0 = Publish|Any CPU
		{96B89F30-5386-4469-B19E-E73CA370E878}.Publish|x86.ActiveCfg = Publish|Any CPU
		{96B89F30-5386-4469-B19E-E73CA370E878}.Publish|x86.Build.0 = Publish|Any CPU
		{96B89F30-5386-4469-B19E-E73CA370E878}.Release|Any CPU.ActiveCfg = Release|Any CPU
		{96B89F30-5386-4469-B19E-E73CA370E878}.Release|Any CPU.Build.0 = Release|Any CPU
		{96B89F30-5386-4469-B19E-E73CA370E878}.Release|ARM64.ActiveCfg = Release|Any CPU
		{96B89F30-5386-4469-B19E-E73CA370E878}.Release|ARM64.Build.0 = Release|Any CPU
		{96B89F30-5386-4469-B19E-E73CA370E878}.Release|x64.ActiveCfg = Release|Any CPU
		{96B89F30-5386-4469-B19E-E73CA370E878}.Release|x64.Build.0 = Release|Any CPU
		{96B89F30-5386-4469-B19E-E73CA370E878}.Release|x86.ActiveCfg = Release|Any CPU
		{96B89F30-5386-4469-B19E-E73CA370E878}.Release|x86.Build.0 = Release|Any CPU
		{8E9462B1-B030-4F5D-90F9-BB304581B6EF}.Debug|Any CPU.ActiveCfg = Debug|Any CPU
		{8E9462B1-B030-4F5D-90F9-BB304581B6EF}.Debug|Any CPU.Build.0 = Debug|Any CPU
		{8E9462B1-B030-4F5D-90F9-BB304581B6EF}.Debug|ARM64.ActiveCfg = Debug|Any CPU
		{8E9462B1-B030-4F5D-90F9-BB304581B6EF}.Debug|ARM64.Build.0 = Debug|Any CPU
		{8E9462B1-B030-4F5D-90F9-BB304581B6EF}.Debug|x64.ActiveCfg = Debug|Any CPU
		{8E9462B1-B030-4F5D-90F9-BB304581B6EF}.Debug|x64.Build.0 = Debug|Any CPU
		{8E9462B1-B030-4F5D-90F9-BB304581B6EF}.Debug|x86.ActiveCfg = Debug|Any CPU
		{8E9462B1-B030-4F5D-90F9-BB304581B6EF}.Debug|x86.Build.0 = Debug|Any CPU
		{8E9462B1-B030-4F5D-90F9-BB304581B6EF}.Publish|Any CPU.ActiveCfg = Publish|Any CPU
		{8E9462B1-B030-4F5D-90F9-BB304581B6EF}.Publish|Any CPU.Build.0 = Publish|Any CPU
		{8E9462B1-B030-4F5D-90F9-BB304581B6EF}.Publish|ARM64.ActiveCfg = Publish|Any CPU
		{8E9462B1-B030-4F5D-90F9-BB304581B6EF}.Publish|ARM64.Build.0 = Publish|Any CPU
		{8E9462B1-B030-4F5D-90F9-BB304581B6EF}.Publish|x64.ActiveCfg = Publish|Any CPU
		{8E9462B1-B030-4F5D-90F9-BB304581B6EF}.Publish|x64.Build.0 = Publish|Any CPU
		{8E9462B1-B030-4F5D-90F9-BB304581B6EF}.Publish|x86.ActiveCfg = Publish|Any CPU
		{8E9462B1-B030-4F5D-90F9-BB304581B6EF}.Publish|x86.Build.0 = Publish|Any CPU
		{8E9462B1-B030-4F5D-90F9-BB304581B6EF}.Release|Any CPU.ActiveCfg = Release|Any CPU
		{8E9462B1-B030-4F5D-90F9-BB304581B6EF}.Release|Any CPU.Build.0 = Release|Any CPU
		{8E9462B1-B030-4F5D-90F9-BB304581B6EF}.Release|ARM64.ActiveCfg = Release|Any CPU
		{8E9462B1-B030-4F5D-90F9-BB304581B6EF}.Release|ARM64.Build.0 = Release|Any CPU
		{8E9462B1-B030-4F5D-90F9-BB304581B6EF}.Release|x64.ActiveCfg = Release|Any CPU
		{8E9462B1-B030-4F5D-90F9-BB304581B6EF}.Release|x64.Build.0 = Release|Any CPU
		{8E9462B1-B030-4F5D-90F9-BB304581B6EF}.Release|x86.ActiveCfg = Release|Any CPU
		{8E9462B1-B030-4F5D-90F9-BB304581B6EF}.Release|x86.Build.0 = Release|Any CPU
		{C56C60F0-C717-4AA1-8B4E-C516A83031A9}.Debug|Any CPU.ActiveCfg = Debug|Any CPU
		{C56C60F0-C717-4AA1-8B4E-C516A83031A9}.Debug|Any CPU.Build.0 = Debug|Any CPU
		{C56C60F0-C717-4AA1-8B4E-C516A83031A9}.Debug|ARM64.ActiveCfg = Debug|Any CPU
		{C56C60F0-C717-4AA1-8B4E-C516A83031A9}.Debug|ARM64.Build.0 = Debug|Any CPU
		{C56C60F0-C717-4AA1-8B4E-C516A83031A9}.Debug|x64.ActiveCfg = Debug|Any CPU
		{C56C60F0-C717-4AA1-8B4E-C516A83031A9}.Debug|x64.Build.0 = Debug|Any CPU
		{C56C60F0-C717-4AA1-8B4E-C516A83031A9}.Debug|x86.ActiveCfg = Debug|Any CPU
		{C56C60F0-C717-4AA1-8B4E-C516A83031A9}.Debug|x86.Build.0 = Debug|Any CPU
		{C56C60F0-C717-4AA1-8B4E-C516A83031A9}.Publish|Any CPU.ActiveCfg = Publish|Any CPU
		{C56C60F0-C717-4AA1-8B4E-C516A83031A9}.Publish|Any CPU.Build.0 = Publish|Any CPU
		{C56C60F0-C717-4AA1-8B4E-C516A83031A9}.Publish|ARM64.ActiveCfg = Publish|Any CPU
		{C56C60F0-C717-4AA1-8B4E-C516A83031A9}.Publish|ARM64.Build.0 = Publish|Any CPU
		{C56C60F0-C717-4AA1-8B4E-C516A83031A9}.Publish|x64.ActiveCfg = Publish|Any CPU
		{C56C60F0-C717-4AA1-8B4E-C516A83031A9}.Publish|x64.Build.0 = Publish|Any CPU
		{C56C60F0-C717-4AA1-8B4E-C516A83031A9}.Publish|x86.ActiveCfg = Publish|Any CPU
		{C56C60F0-C717-4AA1-8B4E-C516A83031A9}.Publish|x86.Build.0 = Publish|Any CPU
		{C56C60F0-C717-4AA1-8B4E-C516A83031A9}.Release|Any CPU.ActiveCfg = Release|Any CPU
		{C56C60F0-C717-4AA1-8B4E-C516A83031A9}.Release|Any CPU.Build.0 = Release|Any CPU
		{C56C60F0-C717-4AA1-8B4E-C516A83031A9}.Release|ARM64.ActiveCfg = Release|Any CPU
		{C56C60F0-C717-4AA1-8B4E-C516A83031A9}.Release|ARM64.Build.0 = Release|Any CPU
		{C56C60F0-C717-4AA1-8B4E-C516A83031A9}.Release|x64.ActiveCfg = Release|Any CPU
		{C56C60F0-C717-4AA1-8B4E-C516A83031A9}.Release|x64.Build.0 = Release|Any CPU
		{C56C60F0-C717-4AA1-8B4E-C516A83031A9}.Release|x86.ActiveCfg = Release|Any CPU
		{C56C60F0-C717-4AA1-8B4E-C516A83031A9}.Release|x86.Build.0 = Release|Any CPU
		{1024C320-57B8-445D-875E-5D969E7CA520}.Debug|Any CPU.ActiveCfg = Debug|Any CPU
		{1024C320-57B8-445D-875E-5D969E7CA520}.Debug|Any CPU.Build.0 = Debug|Any CPU
		{1024C320-57B8-445D-875E-5D969E7CA520}.Debug|ARM64.ActiveCfg = Debug|Any CPU
		{1024C320-57B8-445D-875E-5D969E7CA520}.Debug|ARM64.Build.0 = Debug|Any CPU
		{1024C320-57B8-445D-875E-5D969E7CA520}.Debug|x64.ActiveCfg = Debug|Any CPU
		{1024C320-57B8-445D-875E-5D969E7CA520}.Debug|x64.Build.0 = Debug|Any CPU
		{1024C320-57B8-445D-875E-5D969E7CA520}.Debug|x86.ActiveCfg = Debug|Any CPU
		{1024C320-57B8-445D-875E-5D969E7CA520}.Debug|x86.Build.0 = Debug|Any CPU
		{1024C320-57B8-445D-875E-5D969E7CA520}.Publish|Any CPU.ActiveCfg = Publish|Any CPU
		{1024C320-57B8-445D-875E-5D969E7CA520}.Publish|Any CPU.Build.0 = Publish|Any CPU
		{1024C320-57B8-445D-875E-5D969E7CA520}.Publish|ARM64.ActiveCfg = Publish|Any CPU
		{1024C320-57B8-445D-875E-5D969E7CA520}.Publish|ARM64.Build.0 = Publish|Any CPU
		{1024C320-57B8-445D-875E-5D969E7CA520}.Publish|x64.ActiveCfg = Publish|Any CPU
		{1024C320-57B8-445D-875E-5D969E7CA520}.Publish|x64.Build.0 = Publish|Any CPU
		{1024C320-57B8-445D-875E-5D969E7CA520}.Publish|x86.ActiveCfg = Publish|Any CPU
		{1024C320-57B8-445D-875E-5D969E7CA520}.Publish|x86.Build.0 = Publish|Any CPU
		{1024C320-57B8-445D-875E-5D969E7CA520}.Release|Any CPU.ActiveCfg = Release|Any CPU
		{1024C320-57B8-445D-875E-5D969E7CA520}.Release|Any CPU.Build.0 = Release|Any CPU
		{1024C320-57B8-445D-875E-5D969E7CA520}.Release|ARM64.ActiveCfg = Release|Any CPU
		{1024C320-57B8-445D-875E-5D969E7CA520}.Release|ARM64.Build.0 = Release|Any CPU
		{1024C320-57B8-445D-875E-5D969E7CA520}.Release|x64.ActiveCfg = Release|Any CPU
		{1024C320-57B8-445D-875E-5D969E7CA520}.Release|x64.Build.0 = Release|Any CPU
		{1024C320-57B8-445D-875E-5D969E7CA520}.Release|x86.ActiveCfg = Release|Any CPU
		{1024C320-57B8-445D-875E-5D969E7CA520}.Release|x86.Build.0 = Release|Any CPU
		{2B1FB1C6-BD03-4DF6-90DB-B77CEEA51CE1}.Debug|Any CPU.ActiveCfg = Debug|Any CPU
		{2B1FB1C6-BD03-4DF6-90DB-B77CEEA51CE1}.Debug|Any CPU.Build.0 = Debug|Any CPU
		{2B1FB1C6-BD03-4DF6-90DB-B77CEEA51CE1}.Debug|ARM64.ActiveCfg = Debug|Any CPU
		{2B1FB1C6-BD03-4DF6-90DB-B77CEEA51CE1}.Debug|ARM64.Build.0 = Debug|Any CPU
		{2B1FB1C6-BD03-4DF6-90DB-B77CEEA51CE1}.Debug|x64.ActiveCfg = Debug|Any CPU
		{2B1FB1C6-BD03-4DF6-90DB-B77CEEA51CE1}.Debug|x64.Build.0 = Debug|Any CPU
		{2B1FB1C6-BD03-4DF6-90DB-B77CEEA51CE1}.Debug|x86.ActiveCfg = Debug|Any CPU
		{2B1FB1C6-BD03-4DF6-90DB-B77CEEA51CE1}.Debug|x86.Build.0 = Debug|Any CPU
		{2B1FB1C6-BD03-4DF6-90DB-B77CEEA51CE1}.Publish|Any CPU.ActiveCfg = Publish|Any CPU
		{2B1FB1C6-BD03-4DF6-90DB-B77CEEA51CE1}.Publish|Any CPU.Build.0 = Publish|Any CPU
		{2B1FB1C6-BD03-4DF6-90DB-B77CEEA51CE1}.Publish|ARM64.ActiveCfg = Publish|Any CPU
		{2B1FB1C6-BD03-4DF6-90DB-B77CEEA51CE1}.Publish|ARM64.Build.0 = Publish|Any CPU
		{2B1FB1C6-BD03-4DF6-90DB-B77CEEA51CE1}.Publish|x64.ActiveCfg = Publish|Any CPU
		{2B1FB1C6-BD03-4DF6-90DB-B77CEEA51CE1}.Publish|x64.Build.0 = Publish|Any CPU
		{2B1FB1C6-BD03-4DF6-90DB-B77CEEA51CE1}.Publish|x86.ActiveCfg = Publish|Any CPU
		{2B1FB1C6-BD03-4DF6-90DB-B77CEEA51CE1}.Publish|x86.Build.0 = Publish|Any CPU
		{2B1FB1C6-BD03-4DF6-90DB-B77CEEA51CE1}.Release|Any CPU.ActiveCfg = Release|Any CPU
		{2B1FB1C6-BD03-4DF6-90DB-B77CEEA51CE1}.Release|Any CPU.Build.0 = Release|Any CPU
		{2B1FB1C6-BD03-4DF6-90DB-B77CEEA51CE1}.Release|ARM64.ActiveCfg = Release|Any CPU
		{2B1FB1C6-BD03-4DF6-90DB-B77CEEA51CE1}.Release|ARM64.Build.0 = Release|Any CPU
		{2B1FB1C6-BD03-4DF6-90DB-B77CEEA51CE1}.Release|x64.ActiveCfg = Release|Any CPU
		{2B1FB1C6-BD03-4DF6-90DB-B77CEEA51CE1}.Release|x64.Build.0 = Release|Any CPU
		{2B1FB1C6-BD03-4DF6-90DB-B77CEEA51CE1}.Release|x86.ActiveCfg = Release|Any CPU
		{2B1FB1C6-BD03-4DF6-90DB-B77CEEA51CE1}.Release|x86.Build.0 = Release|Any CPU
		{65CB76AD-DA1A-43C6-AC5A-6016665F6D8B}.Debug|Any CPU.ActiveCfg = Debug|Any CPU
		{65CB76AD-DA1A-43C6-AC5A-6016665F6D8B}.Debug|Any CPU.Build.0 = Debug|Any CPU
		{65CB76AD-DA1A-43C6-AC5A-6016665F6D8B}.Debug|ARM64.ActiveCfg = Debug|Any CPU
		{65CB76AD-DA1A-43C6-AC5A-6016665F6D8B}.Debug|ARM64.Build.0 = Debug|Any CPU
		{65CB76AD-DA1A-43C6-AC5A-6016665F6D8B}.Debug|x64.ActiveCfg = Debug|Any CPU
		{65CB76AD-DA1A-43C6-AC5A-6016665F6D8B}.Debug|x64.Build.0 = Debug|Any CPU
		{65CB76AD-DA1A-43C6-AC5A-6016665F6D8B}.Debug|x86.ActiveCfg = Debug|Any CPU
		{65CB76AD-DA1A-43C6-AC5A-6016665F6D8B}.Debug|x86.Build.0 = Debug|Any CPU
		{65CB76AD-DA1A-43C6-AC5A-6016665F6D8B}.Publish|Any CPU.ActiveCfg = Publish|Any CPU
		{65CB76AD-DA1A-43C6-AC5A-6016665F6D8B}.Publish|Any CPU.Build.0 = Publish|Any CPU
		{65CB76AD-DA1A-43C6-AC5A-6016665F6D8B}.Publish|ARM64.ActiveCfg = Publish|Any CPU
		{65CB76AD-DA1A-43C6-AC5A-6016665F6D8B}.Publish|ARM64.Build.0 = Publish|Any CPU
		{65CB76AD-DA1A-43C6-AC5A-6016665F6D8B}.Publish|x64.ActiveCfg = Publish|Any CPU
		{65CB76AD-DA1A-43C6-AC5A-6016665F6D8B}.Publish|x64.Build.0 = Publish|Any CPU
		{65CB76AD-DA1A-43C6-AC5A-6016665F6D8B}.Publish|x86.ActiveCfg = Publish|Any CPU
		{65CB76AD-DA1A-43C6-AC5A-6016665F6D8B}.Publish|x86.Build.0 = Publish|Any CPU
		{65CB76AD-DA1A-43C6-AC5A-6016665F6D8B}.Release|Any CPU.ActiveCfg = Release|Any CPU
		{65CB76AD-DA1A-43C6-AC5A-6016665F6D8B}.Release|Any CPU.Build.0 = Release|Any CPU
		{65CB76AD-DA1A-43C6-AC5A-6016665F6D8B}.Release|ARM64.ActiveCfg = Release|Any CPU
		{65CB76AD-DA1A-43C6-AC5A-6016665F6D8B}.Release|ARM64.Build.0 = Release|Any CPU
		{65CB76AD-DA1A-43C6-AC5A-6016665F6D8B}.Release|x64.ActiveCfg = Release|Any CPU
		{65CB76AD-DA1A-43C6-AC5A-6016665F6D8B}.Release|x64.Build.0 = Release|Any CPU
		{65CB76AD-DA1A-43C6-AC5A-6016665F6D8B}.Release|x86.ActiveCfg = Release|Any CPU
		{65CB76AD-DA1A-43C6-AC5A-6016665F6D8B}.Release|x86.Build.0 = Release|Any CPU
		{94D5AF15-555A-4089-924A-BE7E397B7EE0}.Debug|Any CPU.ActiveCfg = Debug|Any CPU
		{94D5AF15-555A-4089-924A-BE7E397B7EE0}.Debug|Any CPU.Build.0 = Debug|Any CPU
		{94D5AF15-555A-4089-924A-BE7E397B7EE0}.Debug|ARM64.ActiveCfg = Debug|Any CPU
		{94D5AF15-555A-4089-924A-BE7E397B7EE0}.Debug|ARM64.Build.0 = Debug|Any CPU
		{94D5AF15-555A-4089-924A-BE7E397B7EE0}.Debug|x64.ActiveCfg = Debug|Any CPU
		{94D5AF15-555A-4089-924A-BE7E397B7EE0}.Debug|x64.Build.0 = Debug|Any CPU
		{94D5AF15-555A-4089-924A-BE7E397B7EE0}.Debug|x86.ActiveCfg = Debug|Any CPU
		{94D5AF15-555A-4089-924A-BE7E397B7EE0}.Debug|x86.Build.0 = Debug|Any CPU
		{94D5AF15-555A-4089-924A-BE7E397B7EE0}.Publish|Any CPU.ActiveCfg = Publish|Any CPU
		{94D5AF15-555A-4089-924A-BE7E397B7EE0}.Publish|Any CPU.Build.0 = Publish|Any CPU
		{94D5AF15-555A-4089-924A-BE7E397B7EE0}.Publish|ARM64.ActiveCfg = Publish|Any CPU
		{94D5AF15-555A-4089-924A-BE7E397B7EE0}.Publish|ARM64.Build.0 = Publish|Any CPU
		{94D5AF15-555A-4089-924A-BE7E397B7EE0}.Publish|x64.ActiveCfg = Release|Any CPU
		{94D5AF15-555A-4089-924A-BE7E397B7EE0}.Publish|x64.Build.0 = Release|Any CPU
		{94D5AF15-555A-4089-924A-BE7E397B7EE0}.Publish|x86.ActiveCfg = Publish|Any CPU
		{94D5AF15-555A-4089-924A-BE7E397B7EE0}.Publish|x86.Build.0 = Publish|Any CPU
		{94D5AF15-555A-4089-924A-BE7E397B7EE0}.Release|Any CPU.ActiveCfg = Release|Any CPU
		{94D5AF15-555A-4089-924A-BE7E397B7EE0}.Release|Any CPU.Build.0 = Release|Any CPU
		{94D5AF15-555A-4089-924A-BE7E397B7EE0}.Release|ARM64.ActiveCfg = Release|Any CPU
		{94D5AF15-555A-4089-924A-BE7E397B7EE0}.Release|ARM64.Build.0 = Release|Any CPU
		{94D5AF15-555A-4089-924A-BE7E397B7EE0}.Release|x64.ActiveCfg = Release|Any CPU
		{94D5AF15-555A-4089-924A-BE7E397B7EE0}.Release|x64.Build.0 = Release|Any CPU
		{94D5AF15-555A-4089-924A-BE7E397B7EE0}.Release|x86.ActiveCfg = Release|Any CPU
		{94D5AF15-555A-4089-924A-BE7E397B7EE0}.Release|x86.Build.0 = Release|Any CPU
		{F462F1B6-65C3-45FE-A833-9857E8EC342A}.Debug|Any CPU.ActiveCfg = Debug|Any CPU
		{F462F1B6-65C3-45FE-A833-9857E8EC342A}.Debug|Any CPU.Build.0 = Debug|Any CPU
		{F462F1B6-65C3-45FE-A833-9857E8EC342A}.Debug|ARM64.ActiveCfg = Debug|Any CPU
		{F462F1B6-65C3-45FE-A833-9857E8EC342A}.Debug|ARM64.Build.0 = Debug|Any CPU
		{F462F1B6-65C3-45FE-A833-9857E8EC342A}.Debug|x64.ActiveCfg = Debug|Any CPU
		{F462F1B6-65C3-45FE-A833-9857E8EC342A}.Debug|x64.Build.0 = Debug|Any CPU
		{F462F1B6-65C3-45FE-A833-9857E8EC342A}.Debug|x86.ActiveCfg = Debug|Any CPU
		{F462F1B6-65C3-45FE-A833-9857E8EC342A}.Debug|x86.Build.0 = Debug|Any CPU
		{F462F1B6-65C3-45FE-A833-9857E8EC342A}.Publish|Any CPU.ActiveCfg = Publish|Any CPU
		{F462F1B6-65C3-45FE-A833-9857E8EC342A}.Publish|Any CPU.Build.0 = Publish|Any CPU
		{F462F1B6-65C3-45FE-A833-9857E8EC342A}.Publish|ARM64.ActiveCfg = Publish|Any CPU
		{F462F1B6-65C3-45FE-A833-9857E8EC342A}.Publish|ARM64.Build.0 = Publish|Any CPU
		{F462F1B6-65C3-45FE-A833-9857E8EC342A}.Publish|x64.ActiveCfg = Release|Any CPU
		{F462F1B6-65C3-45FE-A833-9857E8EC342A}.Publish|x64.Build.0 = Release|Any CPU
		{F462F1B6-65C3-45FE-A833-9857E8EC342A}.Publish|x86.ActiveCfg = Publish|Any CPU
		{F462F1B6-65C3-45FE-A833-9857E8EC342A}.Publish|x86.Build.0 = Publish|Any CPU
		{F462F1B6-65C3-45FE-A833-9857E8EC342A}.Release|Any CPU.ActiveCfg = Release|Any CPU
		{F462F1B6-65C3-45FE-A833-9857E8EC342A}.Release|Any CPU.Build.0 = Release|Any CPU
		{F462F1B6-65C3-45FE-A833-9857E8EC342A}.Release|ARM64.ActiveCfg = Release|Any CPU
		{F462F1B6-65C3-45FE-A833-9857E8EC342A}.Release|ARM64.Build.0 = Release|Any CPU
		{F462F1B6-65C3-45FE-A833-9857E8EC342A}.Release|x64.ActiveCfg = Release|Any CPU
		{F462F1B6-65C3-45FE-A833-9857E8EC342A}.Release|x64.Build.0 = Release|Any CPU
		{F462F1B6-65C3-45FE-A833-9857E8EC342A}.Release|x86.ActiveCfg = Release|Any CPU
		{F462F1B6-65C3-45FE-A833-9857E8EC342A}.Release|x86.Build.0 = Release|Any CPU
		{31F50E98-179E-4511-B724-9DAD14269205}.Debug|Any CPU.ActiveCfg = Debug|Any CPU
		{31F50E98-179E-4511-B724-9DAD14269205}.Debug|Any CPU.Build.0 = Debug|Any CPU
		{31F50E98-179E-4511-B724-9DAD14269205}.Debug|ARM64.ActiveCfg = Debug|Any CPU
		{31F50E98-179E-4511-B724-9DAD14269205}.Debug|ARM64.Build.0 = Debug|Any CPU
		{31F50E98-179E-4511-B724-9DAD14269205}.Debug|x64.ActiveCfg = Debug|Any CPU
		{31F50E98-179E-4511-B724-9DAD14269205}.Debug|x64.Build.0 = Debug|Any CPU
		{31F50E98-179E-4511-B724-9DAD14269205}.Debug|x86.ActiveCfg = Debug|Any CPU
		{31F50E98-179E-4511-B724-9DAD14269205}.Debug|x86.Build.0 = Debug|Any CPU
		{31F50E98-179E-4511-B724-9DAD14269205}.Publish|Any CPU.ActiveCfg = Publish|Any CPU
		{31F50E98-179E-4511-B724-9DAD14269205}.Publish|Any CPU.Build.0 = Publish|Any CPU
		{31F50E98-179E-4511-B724-9DAD14269205}.Publish|ARM64.ActiveCfg = Publish|Any CPU
		{31F50E98-179E-4511-B724-9DAD14269205}.Publish|ARM64.Build.0 = Publish|Any CPU
		{31F50E98-179E-4511-B724-9DAD14269205}.Publish|x64.ActiveCfg = Release|Any CPU
		{31F50E98-179E-4511-B724-9DAD14269205}.Publish|x64.Build.0 = Release|Any CPU
		{31F50E98-179E-4511-B724-9DAD14269205}.Publish|x86.ActiveCfg = Publish|Any CPU
		{31F50E98-179E-4511-B724-9DAD14269205}.Publish|x86.Build.0 = Publish|Any CPU
		{31F50E98-179E-4511-B724-9DAD14269205}.Release|Any CPU.ActiveCfg = Release|Any CPU
		{31F50E98-179E-4511-B724-9DAD14269205}.Release|Any CPU.Build.0 = Release|Any CPU
		{31F50E98-179E-4511-B724-9DAD14269205}.Release|ARM64.ActiveCfg = Release|Any CPU
		{31F50E98-179E-4511-B724-9DAD14269205}.Release|ARM64.Build.0 = Release|Any CPU
		{31F50E98-179E-4511-B724-9DAD14269205}.Release|x64.ActiveCfg = Release|Any CPU
		{31F50E98-179E-4511-B724-9DAD14269205}.Release|x64.Build.0 = Release|Any CPU
		{31F50E98-179E-4511-B724-9DAD14269205}.Release|x86.ActiveCfg = Release|Any CPU
		{31F50E98-179E-4511-B724-9DAD14269205}.Release|x86.Build.0 = Release|Any CPU
		{B4E6D521-6066-454D-9BA3-F967DD5714B1}.Debug|Any CPU.ActiveCfg = Debug|Any CPU
		{B4E6D521-6066-454D-9BA3-F967DD5714B1}.Debug|Any CPU.Build.0 = Debug|Any CPU
		{B4E6D521-6066-454D-9BA3-F967DD5714B1}.Debug|ARM64.ActiveCfg = Debug|Any CPU
		{B4E6D521-6066-454D-9BA3-F967DD5714B1}.Debug|ARM64.Build.0 = Debug|Any CPU
		{B4E6D521-6066-454D-9BA3-F967DD5714B1}.Debug|x64.ActiveCfg = Debug|Any CPU
		{B4E6D521-6066-454D-9BA3-F967DD5714B1}.Debug|x64.Build.0 = Debug|Any CPU
		{B4E6D521-6066-454D-9BA3-F967DD5714B1}.Debug|x86.ActiveCfg = Debug|Any CPU
		{B4E6D521-6066-454D-9BA3-F967DD5714B1}.Debug|x86.Build.0 = Debug|Any CPU
		{B4E6D521-6066-454D-9BA3-F967DD5714B1}.Publish|Any CPU.ActiveCfg = Publish|Any CPU
		{B4E6D521-6066-454D-9BA3-F967DD5714B1}.Publish|Any CPU.Build.0 = Publish|Any CPU
		{B4E6D521-6066-454D-9BA3-F967DD5714B1}.Publish|ARM64.ActiveCfg = Publish|Any CPU
		{B4E6D521-6066-454D-9BA3-F967DD5714B1}.Publish|ARM64.Build.0 = Publish|Any CPU
		{B4E6D521-6066-454D-9BA3-F967DD5714B1}.Publish|x64.ActiveCfg = Release|Any CPU
		{B4E6D521-6066-454D-9BA3-F967DD5714B1}.Publish|x64.Build.0 = Release|Any CPU
		{B4E6D521-6066-454D-9BA3-F967DD5714B1}.Publish|x86.ActiveCfg = Publish|Any CPU
		{B4E6D521-6066-454D-9BA3-F967DD5714B1}.Publish|x86.Build.0 = Publish|Any CPU
		{B4E6D521-6066-454D-9BA3-F967DD5714B1}.Release|Any CPU.ActiveCfg = Release|Any CPU
		{B4E6D521-6066-454D-9BA3-F967DD5714B1}.Release|Any CPU.Build.0 = Release|Any CPU
		{B4E6D521-6066-454D-9BA3-F967DD5714B1}.Release|ARM64.ActiveCfg = Release|Any CPU
		{B4E6D521-6066-454D-9BA3-F967DD5714B1}.Release|ARM64.Build.0 = Release|Any CPU
		{B4E6D521-6066-454D-9BA3-F967DD5714B1}.Release|x64.ActiveCfg = Release|Any CPU
		{B4E6D521-6066-454D-9BA3-F967DD5714B1}.Release|x64.Build.0 = Release|Any CPU
		{B4E6D521-6066-454D-9BA3-F967DD5714B1}.Release|x86.ActiveCfg = Release|Any CPU
		{B4E6D521-6066-454D-9BA3-F967DD5714B1}.Release|x86.Build.0 = Release|Any CPU
		{73AE3C54-C7E7-486F-9098-0E22F3EC3647}.Debug|Any CPU.ActiveCfg = Debug|Any CPU
		{73AE3C54-C7E7-486F-9098-0E22F3EC3647}.Debug|Any CPU.Build.0 = Debug|Any CPU
		{73AE3C54-C7E7-486F-9098-0E22F3EC3647}.Debug|ARM64.ActiveCfg = Debug|Any CPU
		{73AE3C54-C7E7-486F-9098-0E22F3EC3647}.Debug|ARM64.Build.0 = Debug|Any CPU
		{73AE3C54-C7E7-486F-9098-0E22F3EC3647}.Debug|x64.ActiveCfg = Debug|Any CPU
		{73AE3C54-C7E7-486F-9098-0E22F3EC3647}.Debug|x64.Build.0 = Debug|Any CPU
		{73AE3C54-C7E7-486F-9098-0E22F3EC3647}.Debug|x86.ActiveCfg = Debug|Any CPU
		{73AE3C54-C7E7-486F-9098-0E22F3EC3647}.Debug|x86.Build.0 = Debug|Any CPU
		{73AE3C54-C7E7-486F-9098-0E22F3EC3647}.Publish|Any CPU.ActiveCfg = Publish|Any CPU
		{73AE3C54-C7E7-486F-9098-0E22F3EC3647}.Publish|Any CPU.Build.0 = Publish|Any CPU
		{73AE3C54-C7E7-486F-9098-0E22F3EC3647}.Publish|ARM64.ActiveCfg = Publish|Any CPU
		{73AE3C54-C7E7-486F-9098-0E22F3EC3647}.Publish|ARM64.Build.0 = Publish|Any CPU
		{73AE3C54-C7E7-486F-9098-0E22F3EC3647}.Publish|x64.ActiveCfg = Release|Any CPU
		{73AE3C54-C7E7-486F-9098-0E22F3EC3647}.Publish|x64.Build.0 = Release|Any CPU
		{73AE3C54-C7E7-486F-9098-0E22F3EC3647}.Publish|x86.ActiveCfg = Publish|Any CPU
		{73AE3C54-C7E7-486F-9098-0E22F3EC3647}.Publish|x86.Build.0 = Publish|Any CPU
		{73AE3C54-C7E7-486F-9098-0E22F3EC3647}.Release|Any CPU.ActiveCfg = Release|Any CPU
		{73AE3C54-C7E7-486F-9098-0E22F3EC3647}.Release|Any CPU.Build.0 = Release|Any CPU
		{73AE3C54-C7E7-486F-9098-0E22F3EC3647}.Release|ARM64.ActiveCfg = Release|Any CPU
		{73AE3C54-C7E7-486F-9098-0E22F3EC3647}.Release|ARM64.Build.0 = Release|Any CPU
		{73AE3C54-C7E7-486F-9098-0E22F3EC3647}.Release|x64.ActiveCfg = Release|Any CPU
		{73AE3C54-C7E7-486F-9098-0E22F3EC3647}.Release|x64.Build.0 = Release|Any CPU
		{73AE3C54-C7E7-486F-9098-0E22F3EC3647}.Release|x86.ActiveCfg = Release|Any CPU
		{73AE3C54-C7E7-486F-9098-0E22F3EC3647}.Release|x86.Build.0 = Release|Any CPU
		{5E9D7DF8-5BDF-4B02-9C25-8192A51CD660}.Debug|Any CPU.ActiveCfg = Debug|Any CPU
		{5E9D7DF8-5BDF-4B02-9C25-8192A51CD660}.Debug|Any CPU.Build.0 = Debug|Any CPU
		{5E9D7DF8-5BDF-4B02-9C25-8192A51CD660}.Debug|ARM64.ActiveCfg = Debug|Any CPU
		{5E9D7DF8-5BDF-4B02-9C25-8192A51CD660}.Debug|ARM64.Build.0 = Debug|Any CPU
		{5E9D7DF8-5BDF-4B02-9C25-8192A51CD660}.Debug|x64.ActiveCfg = Debug|Any CPU
		{5E9D7DF8-5BDF-4B02-9C25-8192A51CD660}.Debug|x64.Build.0 = Debug|Any CPU
		{5E9D7DF8-5BDF-4B02-9C25-8192A51CD660}.Debug|x86.ActiveCfg = Debug|Any CPU
		{5E9D7DF8-5BDF-4B02-9C25-8192A51CD660}.Debug|x86.Build.0 = Debug|Any CPU
		{5E9D7DF8-5BDF-4B02-9C25-8192A51CD660}.Publish|Any CPU.ActiveCfg = Publish|Any CPU
		{5E9D7DF8-5BDF-4B02-9C25-8192A51CD660}.Publish|Any CPU.Build.0 = Publish|Any CPU
		{5E9D7DF8-5BDF-4B02-9C25-8192A51CD660}.Publish|ARM64.ActiveCfg = Publish|Any CPU
		{5E9D7DF8-5BDF-4B02-9C25-8192A51CD660}.Publish|ARM64.Build.0 = Publish|Any CPU
		{5E9D7DF8-5BDF-4B02-9C25-8192A51CD660}.Publish|x64.ActiveCfg = Release|Any CPU
		{5E9D7DF8-5BDF-4B02-9C25-8192A51CD660}.Publish|x64.Build.0 = Release|Any CPU
		{5E9D7DF8-5BDF-4B02-9C25-8192A51CD660}.Publish|x86.ActiveCfg = Publish|Any CPU
		{5E9D7DF8-5BDF-4B02-9C25-8192A51CD660}.Publish|x86.Build.0 = Publish|Any CPU
		{5E9D7DF8-5BDF-4B02-9C25-8192A51CD660}.Release|Any CPU.ActiveCfg = Release|Any CPU
		{5E9D7DF8-5BDF-4B02-9C25-8192A51CD660}.Release|Any CPU.Build.0 = Release|Any CPU
		{5E9D7DF8-5BDF-4B02-9C25-8192A51CD660}.Release|ARM64.ActiveCfg = Release|Any CPU
		{5E9D7DF8-5BDF-4B02-9C25-8192A51CD660}.Release|ARM64.Build.0 = Release|Any CPU
		{5E9D7DF8-5BDF-4B02-9C25-8192A51CD660}.Release|x64.ActiveCfg = Release|Any CPU
		{5E9D7DF8-5BDF-4B02-9C25-8192A51CD660}.Release|x64.Build.0 = Release|Any CPU
		{5E9D7DF8-5BDF-4B02-9C25-8192A51CD660}.Release|x86.ActiveCfg = Release|Any CPU
		{5E9D7DF8-5BDF-4B02-9C25-8192A51CD660}.Release|x86.Build.0 = Release|Any CPU
		{2A73022C-87FC-483A-A84E-3DD04A943FA3}.Debug|Any CPU.ActiveCfg = Debug|Any CPU
		{2A73022C-87FC-483A-A84E-3DD04A943FA3}.Debug|Any CPU.Build.0 = Debug|Any CPU
		{2A73022C-87FC-483A-A84E-3DD04A943FA3}.Debug|ARM64.ActiveCfg = Debug|Any CPU
		{2A73022C-87FC-483A-A84E-3DD04A943FA3}.Debug|ARM64.Build.0 = Debug|Any CPU
		{2A73022C-87FC-483A-A84E-3DD04A943FA3}.Debug|x64.ActiveCfg = Debug|Any CPU
		{2A73022C-87FC-483A-A84E-3DD04A943FA3}.Debug|x64.Build.0 = Debug|Any CPU
		{2A73022C-87FC-483A-A84E-3DD04A943FA3}.Debug|x86.ActiveCfg = Debug|Any CPU
		{2A73022C-87FC-483A-A84E-3DD04A943FA3}.Debug|x86.Build.0 = Debug|Any CPU
		{2A73022C-87FC-483A-A84E-3DD04A943FA3}.Publish|Any CPU.ActiveCfg = Publish|Any CPU
		{2A73022C-87FC-483A-A84E-3DD04A943FA3}.Publish|Any CPU.Build.0 = Publish|Any CPU
		{2A73022C-87FC-483A-A84E-3DD04A943FA3}.Publish|ARM64.ActiveCfg = Publish|Any CPU
		{2A73022C-87FC-483A-A84E-3DD04A943FA3}.Publish|ARM64.Build.0 = Publish|Any CPU
		{2A73022C-87FC-483A-A84E-3DD04A943FA3}.Publish|x64.ActiveCfg = Release|Any CPU
		{2A73022C-87FC-483A-A84E-3DD04A943FA3}.Publish|x64.Build.0 = Release|Any CPU
		{2A73022C-87FC-483A-A84E-3DD04A943FA3}.Publish|x86.ActiveCfg = Publish|Any CPU
		{2A73022C-87FC-483A-A84E-3DD04A943FA3}.Publish|x86.Build.0 = Publish|Any CPU
		{2A73022C-87FC-483A-A84E-3DD04A943FA3}.Release|Any CPU.ActiveCfg = Release|Any CPU
		{2A73022C-87FC-483A-A84E-3DD04A943FA3}.Release|Any CPU.Build.0 = Release|Any CPU
		{2A73022C-87FC-483A-A84E-3DD04A943FA3}.Release|ARM64.ActiveCfg = Release|Any CPU
		{2A73022C-87FC-483A-A84E-3DD04A943FA3}.Release|ARM64.Build.0 = Release|Any CPU
		{2A73022C-87FC-483A-A84E-3DD04A943FA3}.Release|x64.ActiveCfg = Release|Any CPU
		{2A73022C-87FC-483A-A84E-3DD04A943FA3}.Release|x64.Build.0 = Release|Any CPU
		{2A73022C-87FC-483A-A84E-3DD04A943FA3}.Release|x86.ActiveCfg = Release|Any CPU
		{2A73022C-87FC-483A-A84E-3DD04A943FA3}.Release|x86.Build.0 = Release|Any CPU
		{36276C9D-7452-4E14-AFC3-EF65CC9EA17B}.Debug|Any CPU.ActiveCfg = Debug|Any CPU
		{36276C9D-7452-4E14-AFC3-EF65CC9EA17B}.Debug|Any CPU.Build.0 = Debug|Any CPU
		{36276C9D-7452-4E14-AFC3-EF65CC9EA17B}.Debug|ARM64.ActiveCfg = Debug|Any CPU
		{36276C9D-7452-4E14-AFC3-EF65CC9EA17B}.Debug|ARM64.Build.0 = Debug|Any CPU
		{36276C9D-7452-4E14-AFC3-EF65CC9EA17B}.Debug|x64.ActiveCfg = Debug|Any CPU
		{36276C9D-7452-4E14-AFC3-EF65CC9EA17B}.Debug|x64.Build.0 = Debug|Any CPU
		{36276C9D-7452-4E14-AFC3-EF65CC9EA17B}.Debug|x86.ActiveCfg = Debug|Any CPU
		{36276C9D-7452-4E14-AFC3-EF65CC9EA17B}.Debug|x86.Build.0 = Debug|Any CPU
		{36276C9D-7452-4E14-AFC3-EF65CC9EA17B}.Publish|Any CPU.ActiveCfg = Publish|Any CPU
		{36276C9D-7452-4E14-AFC3-EF65CC9EA17B}.Publish|Any CPU.Build.0 = Publish|Any CPU
		{36276C9D-7452-4E14-AFC3-EF65CC9EA17B}.Publish|ARM64.ActiveCfg = Publish|Any CPU
		{36276C9D-7452-4E14-AFC3-EF65CC9EA17B}.Publish|ARM64.Build.0 = Publish|Any CPU
		{36276C9D-7452-4E14-AFC3-EF65CC9EA17B}.Publish|x64.ActiveCfg = Release|Any CPU
		{36276C9D-7452-4E14-AFC3-EF65CC9EA17B}.Publish|x64.Build.0 = Release|Any CPU
		{36276C9D-7452-4E14-AFC3-EF65CC9EA17B}.Publish|x86.ActiveCfg = Publish|Any CPU
		{36276C9D-7452-4E14-AFC3-EF65CC9EA17B}.Publish|x86.Build.0 = Publish|Any CPU
		{36276C9D-7452-4E14-AFC3-EF65CC9EA17B}.Release|Any CPU.ActiveCfg = Release|Any CPU
		{36276C9D-7452-4E14-AFC3-EF65CC9EA17B}.Release|Any CPU.Build.0 = Release|Any CPU
		{36276C9D-7452-4E14-AFC3-EF65CC9EA17B}.Release|ARM64.ActiveCfg = Release|Any CPU
		{36276C9D-7452-4E14-AFC3-EF65CC9EA17B}.Release|ARM64.Build.0 = Release|Any CPU
		{36276C9D-7452-4E14-AFC3-EF65CC9EA17B}.Release|x64.ActiveCfg = Release|Any CPU
		{36276C9D-7452-4E14-AFC3-EF65CC9EA17B}.Release|x64.Build.0 = Release|Any CPU
		{36276C9D-7452-4E14-AFC3-EF65CC9EA17B}.Release|x86.ActiveCfg = Release|Any CPU
		{36276C9D-7452-4E14-AFC3-EF65CC9EA17B}.Release|x86.Build.0 = Release|Any CPU
		{06F41C62-71B5-4360-817B-3F4D31644B7C}.Debug|Any CPU.ActiveCfg = Debug|Any CPU
		{06F41C62-71B5-4360-817B-3F4D31644B7C}.Debug|Any CPU.Build.0 = Debug|Any CPU
		{06F41C62-71B5-4360-817B-3F4D31644B7C}.Debug|ARM64.ActiveCfg = Debug|Any CPU
		{06F41C62-71B5-4360-817B-3F4D31644B7C}.Debug|ARM64.Build.0 = Debug|Any CPU
		{06F41C62-71B5-4360-817B-3F4D31644B7C}.Debug|x64.ActiveCfg = Debug|Any CPU
		{06F41C62-71B5-4360-817B-3F4D31644B7C}.Debug|x64.Build.0 = Debug|Any CPU
		{06F41C62-71B5-4360-817B-3F4D31644B7C}.Debug|x86.ActiveCfg = Debug|Any CPU
		{06F41C62-71B5-4360-817B-3F4D31644B7C}.Debug|x86.Build.0 = Debug|Any CPU
		{06F41C62-71B5-4360-817B-3F4D31644B7C}.Publish|Any CPU.ActiveCfg = Publish|Any CPU
		{06F41C62-71B5-4360-817B-3F4D31644B7C}.Publish|Any CPU.Build.0 = Publish|Any CPU
		{06F41C62-71B5-4360-817B-3F4D31644B7C}.Publish|ARM64.ActiveCfg = Publish|Any CPU
		{06F41C62-71B5-4360-817B-3F4D31644B7C}.Publish|ARM64.Build.0 = Publish|Any CPU
		{06F41C62-71B5-4360-817B-3F4D31644B7C}.Publish|x64.ActiveCfg = Release|Any CPU
		{06F41C62-71B5-4360-817B-3F4D31644B7C}.Publish|x64.Build.0 = Release|Any CPU
		{06F41C62-71B5-4360-817B-3F4D31644B7C}.Publish|x86.ActiveCfg = Publish|Any CPU
		{06F41C62-71B5-4360-817B-3F4D31644B7C}.Publish|x86.Build.0 = Publish|Any CPU
		{06F41C62-71B5-4360-817B-3F4D31644B7C}.Release|Any CPU.ActiveCfg = Release|Any CPU
		{06F41C62-71B5-4360-817B-3F4D31644B7C}.Release|Any CPU.Build.0 = Release|Any CPU
		{06F41C62-71B5-4360-817B-3F4D31644B7C}.Release|ARM64.ActiveCfg = Release|Any CPU
		{06F41C62-71B5-4360-817B-3F4D31644B7C}.Release|ARM64.Build.0 = Release|Any CPU
		{06F41C62-71B5-4360-817B-3F4D31644B7C}.Release|x64.ActiveCfg = Release|Any CPU
		{06F41C62-71B5-4360-817B-3F4D31644B7C}.Release|x64.Build.0 = Release|Any CPU
		{06F41C62-71B5-4360-817B-3F4D31644B7C}.Release|x86.ActiveCfg = Release|Any CPU
		{06F41C62-71B5-4360-817B-3F4D31644B7C}.Release|x86.Build.0 = Release|Any CPU
		{1E60B137-A0B8-4FC6-86AA-EFE98E5D8135}.Debug|Any CPU.ActiveCfg = Debug|x64
		{1E60B137-A0B8-4FC6-86AA-EFE98E5D8135}.Debug|Any CPU.Build.0 = Debug|x64
		{1E60B137-A0B8-4FC6-86AA-EFE98E5D8135}.Debug|Any CPU.Deploy.0 = Debug|x64
		{1E60B137-A0B8-4FC6-86AA-EFE98E5D8135}.Debug|ARM64.ActiveCfg = Debug|ARM64
		{1E60B137-A0B8-4FC6-86AA-EFE98E5D8135}.Debug|ARM64.Build.0 = Debug|ARM64
		{1E60B137-A0B8-4FC6-86AA-EFE98E5D8135}.Debug|ARM64.Deploy.0 = Debug|ARM64
		{1E60B137-A0B8-4FC6-86AA-EFE98E5D8135}.Debug|x64.ActiveCfg = Debug|x64
		{1E60B137-A0B8-4FC6-86AA-EFE98E5D8135}.Debug|x64.Build.0 = Debug|x64
		{1E60B137-A0B8-4FC6-86AA-EFE98E5D8135}.Debug|x64.Deploy.0 = Debug|x64
		{1E60B137-A0B8-4FC6-86AA-EFE98E5D8135}.Debug|x86.ActiveCfg = Debug|x86
		{1E60B137-A0B8-4FC6-86AA-EFE98E5D8135}.Debug|x86.Build.0 = Debug|x86
		{1E60B137-A0B8-4FC6-86AA-EFE98E5D8135}.Debug|x86.Deploy.0 = Debug|x86
		{1E60B137-A0B8-4FC6-86AA-EFE98E5D8135}.Publish|Any CPU.ActiveCfg = Publish|x64
		{1E60B137-A0B8-4FC6-86AA-EFE98E5D8135}.Publish|Any CPU.Build.0 = Publish|x64
		{1E60B137-A0B8-4FC6-86AA-EFE98E5D8135}.Publish|Any CPU.Deploy.0 = Publish|x64
		{1E60B137-A0B8-4FC6-86AA-EFE98E5D8135}.Publish|ARM64.ActiveCfg = Publish|ARM64
		{1E60B137-A0B8-4FC6-86AA-EFE98E5D8135}.Publish|ARM64.Build.0 = Publish|ARM64
		{1E60B137-A0B8-4FC6-86AA-EFE98E5D8135}.Publish|ARM64.Deploy.0 = Publish|ARM64
		{1E60B137-A0B8-4FC6-86AA-EFE98E5D8135}.Publish|x64.ActiveCfg = Publish|x64
		{1E60B137-A0B8-4FC6-86AA-EFE98E5D8135}.Publish|x64.Build.0 = Publish|x64
		{1E60B137-A0B8-4FC6-86AA-EFE98E5D8135}.Publish|x64.Deploy.0 = Publish|x64
		{1E60B137-A0B8-4FC6-86AA-EFE98E5D8135}.Publish|x86.ActiveCfg = Publish|x86
		{1E60B137-A0B8-4FC6-86AA-EFE98E5D8135}.Publish|x86.Build.0 = Publish|x86
		{1E60B137-A0B8-4FC6-86AA-EFE98E5D8135}.Publish|x86.Deploy.0 = Publish|x86
		{1E60B137-A0B8-4FC6-86AA-EFE98E5D8135}.Release|Any CPU.ActiveCfg = Release|x64
		{1E60B137-A0B8-4FC6-86AA-EFE98E5D8135}.Release|Any CPU.Build.0 = Release|x64
		{1E60B137-A0B8-4FC6-86AA-EFE98E5D8135}.Release|Any CPU.Deploy.0 = Release|x64
		{1E60B137-A0B8-4FC6-86AA-EFE98E5D8135}.Release|ARM64.ActiveCfg = Release|ARM64
		{1E60B137-A0B8-4FC6-86AA-EFE98E5D8135}.Release|ARM64.Build.0 = Release|ARM64
		{1E60B137-A0B8-4FC6-86AA-EFE98E5D8135}.Release|ARM64.Deploy.0 = Release|ARM64
		{1E60B137-A0B8-4FC6-86AA-EFE98E5D8135}.Release|x64.ActiveCfg = Release|x64
		{1E60B137-A0B8-4FC6-86AA-EFE98E5D8135}.Release|x64.Build.0 = Release|x64
		{1E60B137-A0B8-4FC6-86AA-EFE98E5D8135}.Release|x64.Deploy.0 = Release|x64
		{1E60B137-A0B8-4FC6-86AA-EFE98E5D8135}.Release|x86.ActiveCfg = Release|x86
		{1E60B137-A0B8-4FC6-86AA-EFE98E5D8135}.Release|x86.Build.0 = Release|x86
		{1E60B137-A0B8-4FC6-86AA-EFE98E5D8135}.Release|x86.Deploy.0 = Release|x86
		{E8FA9083-C203-42CA-9D28-1D1D045E770B}.Debug|Any CPU.ActiveCfg = Debug|Any CPU
		{E8FA9083-C203-42CA-9D28-1D1D045E770B}.Debug|Any CPU.Build.0 = Debug|Any CPU
		{E8FA9083-C203-42CA-9D28-1D1D045E770B}.Debug|ARM64.ActiveCfg = Debug|Any CPU
		{E8FA9083-C203-42CA-9D28-1D1D045E770B}.Debug|ARM64.Build.0 = Debug|Any CPU
		{E8FA9083-C203-42CA-9D28-1D1D045E770B}.Debug|x64.ActiveCfg = Debug|Any CPU
		{E8FA9083-C203-42CA-9D28-1D1D045E770B}.Debug|x64.Build.0 = Debug|Any CPU
		{E8FA9083-C203-42CA-9D28-1D1D045E770B}.Debug|x86.ActiveCfg = Debug|Any CPU
		{E8FA9083-C203-42CA-9D28-1D1D045E770B}.Debug|x86.Build.0 = Debug|Any CPU
		{E8FA9083-C203-42CA-9D28-1D1D045E770B}.Publish|Any CPU.ActiveCfg = Publish|Any CPU
		{E8FA9083-C203-42CA-9D28-1D1D045E770B}.Publish|Any CPU.Build.0 = Publish|Any CPU
		{E8FA9083-C203-42CA-9D28-1D1D045E770B}.Publish|ARM64.ActiveCfg = Publish|Any CPU
		{E8FA9083-C203-42CA-9D28-1D1D045E770B}.Publish|ARM64.Build.0 = Publish|Any CPU
		{E8FA9083-C203-42CA-9D28-1D1D045E770B}.Publish|x64.ActiveCfg = Publish|Any CPU
		{E8FA9083-C203-42CA-9D28-1D1D045E770B}.Publish|x64.Build.0 = Publish|Any CPU
		{E8FA9083-C203-42CA-9D28-1D1D045E770B}.Publish|x86.ActiveCfg = Publish|Any CPU
		{E8FA9083-C203-42CA-9D28-1D1D045E770B}.Publish|x86.Build.0 = Publish|Any CPU
		{E8FA9083-C203-42CA-9D28-1D1D045E770B}.Release|Any CPU.ActiveCfg = Release|Any CPU
		{E8FA9083-C203-42CA-9D28-1D1D045E770B}.Release|Any CPU.Build.0 = Release|Any CPU
		{E8FA9083-C203-42CA-9D28-1D1D045E770B}.Release|ARM64.ActiveCfg = Release|Any CPU
		{E8FA9083-C203-42CA-9D28-1D1D045E770B}.Release|ARM64.Build.0 = Release|Any CPU
		{E8FA9083-C203-42CA-9D28-1D1D045E770B}.Release|x64.ActiveCfg = Release|Any CPU
		{E8FA9083-C203-42CA-9D28-1D1D045E770B}.Release|x64.Build.0 = Release|Any CPU
		{E8FA9083-C203-42CA-9D28-1D1D045E770B}.Release|x86.ActiveCfg = Release|Any CPU
		{E8FA9083-C203-42CA-9D28-1D1D045E770B}.Release|x86.Build.0 = Release|Any CPU
		{31E36098-D978-48FF-AE52-AD37BDF4CB6B}.Debug|Any CPU.ActiveCfg = Debug|Any CPU
		{31E36098-D978-48FF-AE52-AD37BDF4CB6B}.Debug|Any CPU.Build.0 = Debug|Any CPU
		{31E36098-D978-48FF-AE52-AD37BDF4CB6B}.Debug|ARM64.ActiveCfg = Debug|Any CPU
		{31E36098-D978-48FF-AE52-AD37BDF4CB6B}.Debug|ARM64.Build.0 = Debug|Any CPU
		{31E36098-D978-48FF-AE52-AD37BDF4CB6B}.Debug|x64.ActiveCfg = Debug|Any CPU
		{31E36098-D978-48FF-AE52-AD37BDF4CB6B}.Debug|x64.Build.0 = Debug|Any CPU
		{31E36098-D978-48FF-AE52-AD37BDF4CB6B}.Debug|x86.ActiveCfg = Debug|Any CPU
		{31E36098-D978-48FF-AE52-AD37BDF4CB6B}.Debug|x86.Build.0 = Debug|Any CPU
		{31E36098-D978-48FF-AE52-AD37BDF4CB6B}.Publish|Any CPU.ActiveCfg = Publish|Any CPU
		{31E36098-D978-48FF-AE52-AD37BDF4CB6B}.Publish|Any CPU.Build.0 = Publish|Any CPU
		{31E36098-D978-48FF-AE52-AD37BDF4CB6B}.Publish|ARM64.ActiveCfg = Publish|Any CPU
		{31E36098-D978-48FF-AE52-AD37BDF4CB6B}.Publish|ARM64.Build.0 = Publish|Any CPU
		{31E36098-D978-48FF-AE52-AD37BDF4CB6B}.Publish|x64.ActiveCfg = Publish|Any CPU
		{31E36098-D978-48FF-AE52-AD37BDF4CB6B}.Publish|x64.Build.0 = Publish|Any CPU
		{31E36098-D978-48FF-AE52-AD37BDF4CB6B}.Publish|x86.ActiveCfg = Publish|Any CPU
		{31E36098-D978-48FF-AE52-AD37BDF4CB6B}.Publish|x86.Build.0 = Publish|Any CPU
		{31E36098-D978-48FF-AE52-AD37BDF4CB6B}.Release|Any CPU.ActiveCfg = Release|Any CPU
		{31E36098-D978-48FF-AE52-AD37BDF4CB6B}.Release|Any CPU.Build.0 = Release|Any CPU
		{31E36098-D978-48FF-AE52-AD37BDF4CB6B}.Release|ARM64.ActiveCfg = Release|Any CPU
		{31E36098-D978-48FF-AE52-AD37BDF4CB6B}.Release|ARM64.Build.0 = Release|Any CPU
		{31E36098-D978-48FF-AE52-AD37BDF4CB6B}.Release|x64.ActiveCfg = Release|Any CPU
		{31E36098-D978-48FF-AE52-AD37BDF4CB6B}.Release|x64.Build.0 = Release|Any CPU
		{31E36098-D978-48FF-AE52-AD37BDF4CB6B}.Release|x86.ActiveCfg = Release|Any CPU
		{31E36098-D978-48FF-AE52-AD37BDF4CB6B}.Release|x86.Build.0 = Release|Any CPU
		{F04E1969-6049-4894-A3C4-C928AC3EF965}.Debug|Any CPU.ActiveCfg = Debug|Any CPU
		{F04E1969-6049-4894-A3C4-C928AC3EF965}.Debug|Any CPU.Build.0 = Debug|Any CPU
		{F04E1969-6049-4894-A3C4-C928AC3EF965}.Debug|ARM64.ActiveCfg = Debug|Any CPU
		{F04E1969-6049-4894-A3C4-C928AC3EF965}.Debug|ARM64.Build.0 = Debug|Any CPU
		{F04E1969-6049-4894-A3C4-C928AC3EF965}.Debug|x64.ActiveCfg = Debug|Any CPU
		{F04E1969-6049-4894-A3C4-C928AC3EF965}.Debug|x64.Build.0 = Debug|Any CPU
		{F04E1969-6049-4894-A3C4-C928AC3EF965}.Debug|x86.ActiveCfg = Debug|Any CPU
		{F04E1969-6049-4894-A3C4-C928AC3EF965}.Debug|x86.Build.0 = Debug|Any CPU
		{F04E1969-6049-4894-A3C4-C928AC3EF965}.Publish|Any CPU.ActiveCfg = Debug|Any CPU
		{F04E1969-6049-4894-A3C4-C928AC3EF965}.Publish|Any CPU.Build.0 = Debug|Any CPU
		{F04E1969-6049-4894-A3C4-C928AC3EF965}.Publish|ARM64.ActiveCfg = Debug|Any CPU
		{F04E1969-6049-4894-A3C4-C928AC3EF965}.Publish|ARM64.Build.0 = Debug|Any CPU
		{F04E1969-6049-4894-A3C4-C928AC3EF965}.Publish|x64.ActiveCfg = Release|Any CPU
		{F04E1969-6049-4894-A3C4-C928AC3EF965}.Publish|x64.Build.0 = Release|Any CPU
		{F04E1969-6049-4894-A3C4-C928AC3EF965}.Publish|x86.ActiveCfg = Debug|Any CPU
		{F04E1969-6049-4894-A3C4-C928AC3EF965}.Publish|x86.Build.0 = Debug|Any CPU
		{F04E1969-6049-4894-A3C4-C928AC3EF965}.Release|Any CPU.ActiveCfg = Release|Any CPU
		{F04E1969-6049-4894-A3C4-C928AC3EF965}.Release|Any CPU.Build.0 = Release|Any CPU
		{F04E1969-6049-4894-A3C4-C928AC3EF965}.Release|ARM64.ActiveCfg = Release|Any CPU
		{F04E1969-6049-4894-A3C4-C928AC3EF965}.Release|ARM64.Build.0 = Release|Any CPU
		{F04E1969-6049-4894-A3C4-C928AC3EF965}.Release|x64.ActiveCfg = Release|Any CPU
		{F04E1969-6049-4894-A3C4-C928AC3EF965}.Release|x64.Build.0 = Release|Any CPU
		{F04E1969-6049-4894-A3C4-C928AC3EF965}.Release|x86.ActiveCfg = Release|Any CPU
		{F04E1969-6049-4894-A3C4-C928AC3EF965}.Release|x86.Build.0 = Release|Any CPU
		{4A9045C4-B295-43F8-8B72-243DB8299C1A}.Debug|Any CPU.ActiveCfg = Debug|Any CPU
		{4A9045C4-B295-43F8-8B72-243DB8299C1A}.Debug|Any CPU.Build.0 = Debug|Any CPU
		{4A9045C4-B295-43F8-8B72-243DB8299C1A}.Debug|ARM64.ActiveCfg = Debug|Any CPU
		{4A9045C4-B295-43F8-8B72-243DB8299C1A}.Debug|ARM64.Build.0 = Debug|Any CPU
		{4A9045C4-B295-43F8-8B72-243DB8299C1A}.Debug|x64.ActiveCfg = Debug|Any CPU
		{4A9045C4-B295-43F8-8B72-243DB8299C1A}.Debug|x64.Build.0 = Debug|Any CPU
		{4A9045C4-B295-43F8-8B72-243DB8299C1A}.Debug|x86.ActiveCfg = Debug|Any CPU
		{4A9045C4-B295-43F8-8B72-243DB8299C1A}.Debug|x86.Build.0 = Debug|Any CPU
		{4A9045C4-B295-43F8-8B72-243DB8299C1A}.Publish|Any CPU.ActiveCfg = Debug|Any CPU
		{4A9045C4-B295-43F8-8B72-243DB8299C1A}.Publish|Any CPU.Build.0 = Debug|Any CPU
		{4A9045C4-B295-43F8-8B72-243DB8299C1A}.Publish|ARM64.ActiveCfg = Debug|Any CPU
		{4A9045C4-B295-43F8-8B72-243DB8299C1A}.Publish|ARM64.Build.0 = Debug|Any CPU
		{4A9045C4-B295-43F8-8B72-243DB8299C1A}.Publish|x64.ActiveCfg = Release|Any CPU
		{4A9045C4-B295-43F8-8B72-243DB8299C1A}.Publish|x64.Build.0 = Release|Any CPU
		{4A9045C4-B295-43F8-8B72-243DB8299C1A}.Publish|x86.ActiveCfg = Debug|Any CPU
		{4A9045C4-B295-43F8-8B72-243DB8299C1A}.Publish|x86.Build.0 = Debug|Any CPU
		{4A9045C4-B295-43F8-8B72-243DB8299C1A}.Release|Any CPU.ActiveCfg = Release|Any CPU
		{4A9045C4-B295-43F8-8B72-243DB8299C1A}.Release|Any CPU.Build.0 = Release|Any CPU
		{4A9045C4-B295-43F8-8B72-243DB8299C1A}.Release|ARM64.ActiveCfg = Release|Any CPU
		{4A9045C4-B295-43F8-8B72-243DB8299C1A}.Release|ARM64.Build.0 = Release|Any CPU
		{4A9045C4-B295-43F8-8B72-243DB8299C1A}.Release|x64.ActiveCfg = Release|Any CPU
		{4A9045C4-B295-43F8-8B72-243DB8299C1A}.Release|x64.Build.0 = Release|Any CPU
		{4A9045C4-B295-43F8-8B72-243DB8299C1A}.Release|x86.ActiveCfg = Release|Any CPU
		{4A9045C4-B295-43F8-8B72-243DB8299C1A}.Release|x86.Build.0 = Release|Any CPU
		{91A1C2B5-D3DD-47A6-8EEA-642C42096A49}.Debug|Any CPU.ActiveCfg = Debug|Any CPU
		{91A1C2B5-D3DD-47A6-8EEA-642C42096A49}.Debug|Any CPU.Build.0 = Debug|Any CPU
		{91A1C2B5-D3DD-47A6-8EEA-642C42096A49}.Debug|ARM64.ActiveCfg = Debug|Any CPU
		{91A1C2B5-D3DD-47A6-8EEA-642C42096A49}.Debug|ARM64.Build.0 = Debug|Any CPU
		{91A1C2B5-D3DD-47A6-8EEA-642C42096A49}.Debug|x64.ActiveCfg = Debug|Any CPU
		{91A1C2B5-D3DD-47A6-8EEA-642C42096A49}.Debug|x64.Build.0 = Debug|Any CPU
		{91A1C2B5-D3DD-47A6-8EEA-642C42096A49}.Debug|x86.ActiveCfg = Debug|Any CPU
		{91A1C2B5-D3DD-47A6-8EEA-642C42096A49}.Debug|x86.Build.0 = Debug|Any CPU
		{91A1C2B5-D3DD-47A6-8EEA-642C42096A49}.Publish|Any CPU.ActiveCfg = Debug|Any CPU
		{91A1C2B5-D3DD-47A6-8EEA-642C42096A49}.Publish|Any CPU.Build.0 = Debug|Any CPU
		{91A1C2B5-D3DD-47A6-8EEA-642C42096A49}.Publish|ARM64.ActiveCfg = Debug|Any CPU
		{91A1C2B5-D3DD-47A6-8EEA-642C42096A49}.Publish|ARM64.Build.0 = Debug|Any CPU
		{91A1C2B5-D3DD-47A6-8EEA-642C42096A49}.Publish|x64.ActiveCfg = Release|Any CPU
		{91A1C2B5-D3DD-47A6-8EEA-642C42096A49}.Publish|x64.Build.0 = Release|Any CPU
		{91A1C2B5-D3DD-47A6-8EEA-642C42096A49}.Publish|x86.ActiveCfg = Debug|Any CPU
		{91A1C2B5-D3DD-47A6-8EEA-642C42096A49}.Publish|x86.Build.0 = Debug|Any CPU
		{91A1C2B5-D3DD-47A6-8EEA-642C42096A49}.Release|Any CPU.ActiveCfg = Release|Any CPU
		{91A1C2B5-D3DD-47A6-8EEA-642C42096A49}.Release|Any CPU.Build.0 = Release|Any CPU
		{91A1C2B5-D3DD-47A6-8EEA-642C42096A49}.Release|ARM64.ActiveCfg = Release|Any CPU
		{91A1C2B5-D3DD-47A6-8EEA-642C42096A49}.Release|ARM64.Build.0 = Release|Any CPU
		{91A1C2B5-D3DD-47A6-8EEA-642C42096A49}.Release|x64.ActiveCfg = Release|Any CPU
		{91A1C2B5-D3DD-47A6-8EEA-642C42096A49}.Release|x64.Build.0 = Release|Any CPU
		{91A1C2B5-D3DD-47A6-8EEA-642C42096A49}.Release|x86.ActiveCfg = Release|Any CPU
		{91A1C2B5-D3DD-47A6-8EEA-642C42096A49}.Release|x86.Build.0 = Release|Any CPU
		{50BC1CC1-7508-4F61-A4A7-0E8EF4426B51}.Debug|Any CPU.ActiveCfg = Debug|Any CPU
		{50BC1CC1-7508-4F61-A4A7-0E8EF4426B51}.Debug|Any CPU.Build.0 = Debug|Any CPU
		{50BC1CC1-7508-4F61-A4A7-0E8EF4426B51}.Debug|ARM64.ActiveCfg = Debug|Any CPU
		{50BC1CC1-7508-4F61-A4A7-0E8EF4426B51}.Debug|ARM64.Build.0 = Debug|Any CPU
		{50BC1CC1-7508-4F61-A4A7-0E8EF4426B51}.Debug|x64.ActiveCfg = Debug|Any CPU
		{50BC1CC1-7508-4F61-A4A7-0E8EF4426B51}.Debug|x64.Build.0 = Debug|Any CPU
		{50BC1CC1-7508-4F61-A4A7-0E8EF4426B51}.Debug|x86.ActiveCfg = Debug|Any CPU
		{50BC1CC1-7508-4F61-A4A7-0E8EF4426B51}.Debug|x86.Build.0 = Debug|Any CPU
		{50BC1CC1-7508-4F61-A4A7-0E8EF4426B51}.Publish|Any CPU.ActiveCfg = Publish|Any CPU
		{50BC1CC1-7508-4F61-A4A7-0E8EF4426B51}.Publish|Any CPU.Build.0 = Publish|Any CPU
		{50BC1CC1-7508-4F61-A4A7-0E8EF4426B51}.Publish|ARM64.ActiveCfg = Publish|Any CPU
		{50BC1CC1-7508-4F61-A4A7-0E8EF4426B51}.Publish|ARM64.Build.0 = Publish|Any CPU
		{50BC1CC1-7508-4F61-A4A7-0E8EF4426B51}.Publish|x64.ActiveCfg = Publish|Any CPU
		{50BC1CC1-7508-4F61-A4A7-0E8EF4426B51}.Publish|x64.Build.0 = Publish|Any CPU
		{50BC1CC1-7508-4F61-A4A7-0E8EF4426B51}.Publish|x86.ActiveCfg = Publish|Any CPU
		{50BC1CC1-7508-4F61-A4A7-0E8EF4426B51}.Publish|x86.Build.0 = Publish|Any CPU
		{50BC1CC1-7508-4F61-A4A7-0E8EF4426B51}.Release|Any CPU.ActiveCfg = Release|Any CPU
		{50BC1CC1-7508-4F61-A4A7-0E8EF4426B51}.Release|Any CPU.Build.0 = Release|Any CPU
		{50BC1CC1-7508-4F61-A4A7-0E8EF4426B51}.Release|ARM64.ActiveCfg = Release|Any CPU
		{50BC1CC1-7508-4F61-A4A7-0E8EF4426B51}.Release|ARM64.Build.0 = Release|Any CPU
		{50BC1CC1-7508-4F61-A4A7-0E8EF4426B51}.Release|x64.ActiveCfg = Release|Any CPU
		{50BC1CC1-7508-4F61-A4A7-0E8EF4426B51}.Release|x64.Build.0 = Release|Any CPU
		{50BC1CC1-7508-4F61-A4A7-0E8EF4426B51}.Release|x86.ActiveCfg = Release|Any CPU
		{50BC1CC1-7508-4F61-A4A7-0E8EF4426B51}.Release|x86.Build.0 = Release|Any CPU
		{4E72EB50-C7F4-488D-9BB2-9E84D022DEB3}.Debug|Any CPU.ActiveCfg = Debug|Any CPU
		{4E72EB50-C7F4-488D-9BB2-9E84D022DEB3}.Debug|Any CPU.Build.0 = Debug|Any CPU
		{4E72EB50-C7F4-488D-9BB2-9E84D022DEB3}.Debug|ARM64.ActiveCfg = Debug|Any CPU
		{4E72EB50-C7F4-488D-9BB2-9E84D022DEB3}.Debug|ARM64.Build.0 = Debug|Any CPU
		{4E72EB50-C7F4-488D-9BB2-9E84D022DEB3}.Debug|x64.ActiveCfg = Debug|Any CPU
		{4E72EB50-C7F4-488D-9BB2-9E84D022DEB3}.Debug|x64.Build.0 = Debug|Any CPU
		{4E72EB50-C7F4-488D-9BB2-9E84D022DEB3}.Debug|x86.ActiveCfg = Debug|Any CPU
		{4E72EB50-C7F4-488D-9BB2-9E84D022DEB3}.Debug|x86.Build.0 = Debug|Any CPU
		{4E72EB50-C7F4-488D-9BB2-9E84D022DEB3}.Publish|Any CPU.ActiveCfg = Debug|Any CPU
		{4E72EB50-C7F4-488D-9BB2-9E84D022DEB3}.Publish|Any CPU.Build.0 = Debug|Any CPU
		{4E72EB50-C7F4-488D-9BB2-9E84D022DEB3}.Publish|ARM64.ActiveCfg = Debug|Any CPU
		{4E72EB50-C7F4-488D-9BB2-9E84D022DEB3}.Publish|ARM64.Build.0 = Debug|Any CPU
		{4E72EB50-C7F4-488D-9BB2-9E84D022DEB3}.Publish|x64.ActiveCfg = Debug|Any CPU
		{4E72EB50-C7F4-488D-9BB2-9E84D022DEB3}.Publish|x64.Build.0 = Debug|Any CPU
		{4E72EB50-C7F4-488D-9BB2-9E84D022DEB3}.Publish|x86.ActiveCfg = Debug|Any CPU
		{4E72EB50-C7F4-488D-9BB2-9E84D022DEB3}.Publish|x86.Build.0 = Debug|Any CPU
		{4E72EB50-C7F4-488D-9BB2-9E84D022DEB3}.Release|Any CPU.ActiveCfg = Release|Any CPU
		{4E72EB50-C7F4-488D-9BB2-9E84D022DEB3}.Release|Any CPU.Build.0 = Release|Any CPU
		{4E72EB50-C7F4-488D-9BB2-9E84D022DEB3}.Release|ARM64.ActiveCfg = Release|Any CPU
		{4E72EB50-C7F4-488D-9BB2-9E84D022DEB3}.Release|ARM64.Build.0 = Release|Any CPU
		{4E72EB50-C7F4-488D-9BB2-9E84D022DEB3}.Release|x64.ActiveCfg = Release|Any CPU
		{4E72EB50-C7F4-488D-9BB2-9E84D022DEB3}.Release|x64.Build.0 = Release|Any CPU
		{4E72EB50-C7F4-488D-9BB2-9E84D022DEB3}.Release|x86.ActiveCfg = Release|Any CPU
		{4E72EB50-C7F4-488D-9BB2-9E84D022DEB3}.Release|x86.Build.0 = Release|Any CPU
		{67663502-4741-4F7D-BDA2-9614B2D9D9B9}.Debug|Any CPU.ActiveCfg = Debug|Any CPU
		{67663502-4741-4F7D-BDA2-9614B2D9D9B9}.Debug|Any CPU.Build.0 = Debug|Any CPU
		{67663502-4741-4F7D-BDA2-9614B2D9D9B9}.Debug|ARM64.ActiveCfg = Debug|Any CPU
		{67663502-4741-4F7D-BDA2-9614B2D9D9B9}.Debug|ARM64.Build.0 = Debug|Any CPU
		{67663502-4741-4F7D-BDA2-9614B2D9D9B9}.Debug|x64.ActiveCfg = Debug|Any CPU
		{67663502-4741-4F7D-BDA2-9614B2D9D9B9}.Debug|x64.Build.0 = Debug|Any CPU
		{67663502-4741-4F7D-BDA2-9614B2D9D9B9}.Debug|x86.ActiveCfg = Debug|Any CPU
		{67663502-4741-4F7D-BDA2-9614B2D9D9B9}.Debug|x86.Build.0 = Debug|Any CPU
		{67663502-4741-4F7D-BDA2-9614B2D9D9B9}.Publish|Any CPU.ActiveCfg = Debug|Any CPU
		{67663502-4741-4F7D-BDA2-9614B2D9D9B9}.Publish|Any CPU.Build.0 = Debug|Any CPU
		{67663502-4741-4F7D-BDA2-9614B2D9D9B9}.Publish|ARM64.ActiveCfg = Debug|Any CPU
		{67663502-4741-4F7D-BDA2-9614B2D9D9B9}.Publish|ARM64.Build.0 = Debug|Any CPU
		{67663502-4741-4F7D-BDA2-9614B2D9D9B9}.Publish|x64.ActiveCfg = Debug|Any CPU
		{67663502-4741-4F7D-BDA2-9614B2D9D9B9}.Publish|x64.Build.0 = Debug|Any CPU
		{67663502-4741-4F7D-BDA2-9614B2D9D9B9}.Publish|x86.ActiveCfg = Debug|Any CPU
		{67663502-4741-4F7D-BDA2-9614B2D9D9B9}.Publish|x86.Build.0 = Debug|Any CPU
		{67663502-4741-4F7D-BDA2-9614B2D9D9B9}.Release|Any CPU.ActiveCfg = Release|Any CPU
		{67663502-4741-4F7D-BDA2-9614B2D9D9B9}.Release|Any CPU.Build.0 = Release|Any CPU
		{67663502-4741-4F7D-BDA2-9614B2D9D9B9}.Release|ARM64.ActiveCfg = Release|Any CPU
		{67663502-4741-4F7D-BDA2-9614B2D9D9B9}.Release|ARM64.Build.0 = Release|Any CPU
		{67663502-4741-4F7D-BDA2-9614B2D9D9B9}.Release|x64.ActiveCfg = Release|Any CPU
		{67663502-4741-4F7D-BDA2-9614B2D9D9B9}.Release|x64.Build.0 = Release|Any CPU
		{67663502-4741-4F7D-BDA2-9614B2D9D9B9}.Release|x86.ActiveCfg = Release|Any CPU
		{67663502-4741-4F7D-BDA2-9614B2D9D9B9}.Release|x86.Build.0 = Release|Any CPU
	EndGlobalSection
	GlobalSection(SolutionProperties) = preSolution
		HideSolutionNode = FALSE
	EndGlobalSection
	GlobalSection(NestedProjects) = preSolution
		{9237F9B3-A28D-4521-99F9-CBCB0B5EE30E} = {4AAF05CF-97F6-469D-BCB4-23802A4A0C6F}
		{4D372C56-4C96-4245-AF66-C6D9994778D0} = {6928EC51-115C-4FF0-BF4B-F1B31369B669}
		{A365EFA9-BA05-4D46-8AA9-6DAE4A0ABFC3} = {6928EC51-115C-4FF0-BF4B-F1B31369B669}
		{BADFA1F2-A38F-4A6D-B208-C7ABEDAF1C2A} = {6928EC51-115C-4FF0-BF4B-F1B31369B669}
		{DF19313B-CCBC-4989-9D42-4E7F73045539} = {6928EC51-115C-4FF0-BF4B-F1B31369B669}
		{96B89F30-5386-4469-B19E-E73CA370E878} = {6928EC51-115C-4FF0-BF4B-F1B31369B669}
		{8E9462B1-B030-4F5D-90F9-BB304581B6EF} = {4AAF05CF-97F6-469D-BCB4-23802A4A0C6F}
		{C56C60F0-C717-4AA1-8B4E-C516A83031A9} = {4AAF05CF-97F6-469D-BCB4-23802A4A0C6F}
		{1024C320-57B8-445D-875E-5D969E7CA520} = {4AAF05CF-97F6-469D-BCB4-23802A4A0C6F}
		{2B1FB1C6-BD03-4DF6-90DB-B77CEEA51CE1} = {4AAF05CF-97F6-469D-BCB4-23802A4A0C6F}
		{65CB76AD-DA1A-43C6-AC5A-6016665F6D8B} = {4AAF05CF-97F6-469D-BCB4-23802A4A0C6F}
		{94D5AF15-555A-4089-924A-BE7E397B7EE0} = {4AAF05CF-97F6-469D-BCB4-23802A4A0C6F}
		{F462F1B6-65C3-45FE-A833-9857E8EC342A} = {4AAF05CF-97F6-469D-BCB4-23802A4A0C6F}
		{31F50E98-179E-4511-B724-9DAD14269205} = {4AAF05CF-97F6-469D-BCB4-23802A4A0C6F}
		{B4E6D521-6066-454D-9BA3-F967DD5714B1} = {4AAF05CF-97F6-469D-BCB4-23802A4A0C6F}
		{73AE3C54-C7E7-486F-9098-0E22F3EC3647} = {4AAF05CF-97F6-469D-BCB4-23802A4A0C6F}
		{5E9D7DF8-5BDF-4B02-9C25-8192A51CD660} = {4AAF05CF-97F6-469D-BCB4-23802A4A0C6F}
		{2A73022C-87FC-483A-A84E-3DD04A943FA3} = {4AAF05CF-97F6-469D-BCB4-23802A4A0C6F}
		{36276C9D-7452-4E14-AFC3-EF65CC9EA17B} = {4AAF05CF-97F6-469D-BCB4-23802A4A0C6F}
		{06F41C62-71B5-4360-817B-3F4D31644B7C} = {4AAF05CF-97F6-469D-BCB4-23802A4A0C6F}
		{1E60B137-A0B8-4FC6-86AA-EFE98E5D8135} = {4CE20E49-7BD8-456B-AD2E-6B3D2F87EF20}
		{E8FA9083-C203-42CA-9D28-1D1D045E770B} = {4CE20E49-7BD8-456B-AD2E-6B3D2F87EF20}
		{31E36098-D978-48FF-AE52-AD37BDF4CB6B} = {4CE20E49-7BD8-456B-AD2E-6B3D2F87EF20}
		{F04E1969-6049-4894-A3C4-C928AC3EF965} = {4AAF05CF-97F6-469D-BCB4-23802A4A0C6F}
		{4A9045C4-B295-43F8-8B72-243DB8299C1A} = {4AAF05CF-97F6-469D-BCB4-23802A4A0C6F}
		{91A1C2B5-D3DD-47A6-8EEA-642C42096A49} = {4AAF05CF-97F6-469D-BCB4-23802A4A0C6F}
		{50BC1CC1-7508-4F61-A4A7-0E8EF4426B51} = {4AAF05CF-97F6-469D-BCB4-23802A4A0C6F}
		{4E72EB50-C7F4-488D-9BB2-9E84D022DEB3} = {4AAF05CF-97F6-469D-BCB4-23802A4A0C6F}
		{67663502-4741-4F7D-BDA2-9614B2D9D9B9} = {4AAF05CF-97F6-469D-BCB4-23802A4A0C6F}
	EndGlobalSection
	GlobalSection(ExtensibilityGlobals) = postSolution
		SolutionGuid = {5A195D36-BD13-472D-B17E-5070E06D82C8}
	EndGlobalSection
EndGlobal
