
Microsoft Visual Studio Solution File, Format Version 12.00
# Visual Studio Version 17
VisualStudioVersion = 17.7.33906.173
MinimumVisualStudioVersion = 10.0.40219.1
Project("{2150E333-8FDC-42A3-9474-1A3956D46DE8}") = "Libs", "Libs", "{4AAF05CF-97F6-469D-BCB4-23802A4A0C6F}"
EndProject
Project("{2150E333-8FDC-42A3-9474-1A3956D46DE8}") = "Desktop", "Desktop", "{4CE20E49-7BD8-456B-AD2E-6B3D2F87EF20}"
EndProject
Project("{9A19103F-16F7-4668-BE54-9A1E7A4F7556}") = "BiliCopilot.UI", "src\Desktop\BiliCopilot.UI\BiliCopilot.UI.csproj", "{1E60B137-A0B8-4FC6-86AA-EFE98E5D8135}"
EndProject
Project("{9A19103F-16F7-4668-BE54-9A1E7A4F7556}") = "BiliCopilot.UI.Models", "src\Desktop\BiliCopilot.UI.Models\BiliCopilot.UI.Models.csproj", "{E8FA9083-C203-42CA-9D28-1D1D045E770B}"
EndProject
Project("{9A19103F-16F7-4668-BE54-9A1E7A4F7556}") = "BiliCopilot.UI.ResourceGenerator", "src\Desktop\BiliCopilot.UI.ResourceGenerator\BiliCopilot.UI.ResourceGenerator.csproj", "{31E36098-D978-48FF-AE52-AD37BDF4CB6B}"
EndProject
Project("{9A19103F-16F7-4668-BE54-9A1E7A4F7556}") = "Mpv.Core", "src\Libs\mpv-winui\src\Mpv.Core\Mpv.Core.csproj", "{67663502-4741-4F7D-BDA2-9614B2D9D9B9}"
EndProject
Project("{9A19103F-16F7-4668-BE54-9A1E7A4F7556}") = "Danmaku.Core", "src\Libs\Danmaku.Core\Danmaku.Core.csproj", "{015533ED-9DBC-4B08-9C71-7E766CE8C83A}"
EndProject
Project("{9A19103F-16F7-4668-BE54-9A1E7A4F7556}") = "Connectors.WebDav", "src\Libs\Beta\Connectors.WebDav\Connectors.WebDav.csproj", "{8EE9B628-8DF6-4A3D-BEA4-555C0B5DD09D}"
EndProject
Project("{2150E333-8FDC-42A3-9474-1A3956D46DE8}") = "AI", "AI", "{5D8F912C-C45A-4E18-8477-24C5C55A0848}"
EndProject
Project("{9A19103F-16F7-4668-BE54-9A1E7A4F7556}") = "BiliAgent.Models", "src\Libs\Beta\BiliAgent.Models\BiliAgent.Models.csproj", "{5D167F94-9802-49F8-9C23-2AC7F8723126}"
EndProject
Project("{9A19103F-16F7-4668-BE54-9A1E7A4F7556}") = "BiliAgent.Interfaces", "src\Libs\Beta\BiliAgent.Interfaces\BiliAgent.Interfaces.csproj", "{CC540995-04F6-49AC-9B07-3EA8F6823593}"
EndProject
Project("{9A19103F-16F7-4668-BE54-9A1E7A4F7556}") = "BiliAgent.Core", "src\Libs\Beta\BiliAgent.Core\BiliAgent.Core.csproj", "{A53A4E28-FB98-4B5A-9052-084157BC91C5}"
EndProject
Global
	GlobalSection(SolutionConfigurationPlatforms) = preSolution
		Debug|Any CPU = Debug|Any CPU
		Debug|ARM64 = Debug|ARM64
		Debug|x64 = Debug|x64
		Debug|x86 = Debug|x86
		Publish|Any CPU = Publish|Any CPU
		Publish|ARM64 = Publish|ARM64
		Publish|x64 = Publish|x64
		Publish|x86 = Publish|x86
		Release|Any CPU = Release|Any CPU
		Release|ARM64 = Release|ARM64
		Release|x64 = Release|x64
		Release|x86 = Release|x86
	EndGlobalSection
	GlobalSection(ProjectConfigurationPlatforms) = postSolution
		{1E60B137-A0B8-4FC6-86AA-EFE98E5D8135}.Debug|Any CPU.ActiveCfg = Debug|x64
		{1E60B137-A0B8-4FC6-86AA-EFE98E5D8135}.Debug|Any CPU.Build.0 = Debug|x64
		{1E60B137-A0B8-4FC6-86AA-EFE98E5D8135}.Debug|Any CPU.Deploy.0 = Debug|x64
		{1E60B137-A0B8-4FC6-86AA-EFE98E5D8135}.Debug|ARM64.ActiveCfg = Debug|ARM64
		{1E60B137-A0B8-4FC6-86AA-EFE98E5D8135}.Debug|ARM64.Build.0 = Debug|ARM64
		{1E60B137-A0B8-4FC6-86AA-EFE98E5D8135}.Debug|ARM64.Deploy.0 = Debug|ARM64
		{1E60B137-A0B8-4FC6-86AA-EFE98E5D8135}.Debug|x64.ActiveCfg = Debug|x64
		{1E60B137-A0B8-4FC6-86AA-EFE98E5D8135}.Debug|x64.Build.0 = Debug|x64
		{1E60B137-A0B8-4FC6-86AA-EFE98E5D8135}.Debug|x64.Deploy.0 = Debug|x64
		{1E60B137-A0B8-4FC6-86AA-EFE98E5D8135}.Debug|x86.ActiveCfg = Debug|x86
		{1E60B137-A0B8-4FC6-86AA-EFE98E5D8135}.Debug|x86.Build.0 = Debug|x86
		{1E60B137-A0B8-4FC6-86AA-EFE98E5D8135}.Debug|x86.Deploy.0 = Debug|x86
		{1E60B137-A0B8-4FC6-86AA-EFE98E5D8135}.Publish|Any CPU.ActiveCfg = Publish|x64
		{1E60B137-A0B8-4FC6-86AA-EFE98E5D8135}.Publish|Any CPU.Build.0 = Publish|x64
		{1E60B137-A0B8-4FC6-86AA-EFE98E5D8135}.Publish|Any CPU.Deploy.0 = Publish|x64
		{1E60B137-A0B8-4FC6-86AA-EFE98E5D8135}.Publish|ARM64.ActiveCfg = Publish|ARM64
		{1E60B137-A0B8-4FC6-86AA-EFE98E5D8135}.Publish|ARM64.Build.0 = Publish|ARM64
		{1E60B137-A0B8-4FC6-86AA-EFE98E5D8135}.Publish|ARM64.Deploy.0 = Publish|ARM64
		{1E60B137-A0B8-4FC6-86AA-EFE98E5D8135}.Publish|x64.ActiveCfg = Publish|x64
		{1E60B137-A0B8-4FC6-86AA-EFE98E5D8135}.Publish|x64.Build.0 = Publish|x64
		{1E60B137-A0B8-4FC6-86AA-EFE98E5D8135}.Publish|x64.Deploy.0 = Publish|x64
		{1E60B137-A0B8-4FC6-86AA-EFE98E5D8135}.Publish|x86.ActiveCfg = Publish|x86
		{1E60B137-A0B8-4FC6-86AA-EFE98E5D8135}.Publish|x86.Build.0 = Publish|x86
		{1E60B137-A0B8-4FC6-86AA-EFE98E5D8135}.Publish|x86.Deploy.0 = Publish|x86
		{1E60B137-A0B8-4FC6-86AA-EFE98E5D8135}.Release|Any CPU.ActiveCfg = Release|x64
		{1E60B137-A0B8-4FC6-86AA-EFE98E5D8135}.Release|Any CPU.Build.0 = Release|x64
		{1E60B137-A0B8-4FC6-86AA-EFE98E5D8135}.Release|Any CPU.Deploy.0 = Release|x64
		{1E60B137-A0B8-4FC6-86AA-EFE98E5D8135}.Release|ARM64.ActiveCfg = Release|ARM64
		{1E60B137-A0B8-4FC6-86AA-EFE98E5D8135}.Release|ARM64.Build.0 = Release|ARM64
		{1E60B137-A0B8-4FC6-86AA-EFE98E5D8135}.Release|ARM64.Deploy.0 = Release|ARM64
		{1E60B137-A0B8-4FC6-86AA-EFE98E5D8135}.Release|x64.ActiveCfg = Release|x64
		{1E60B137-A0B8-4FC6-86AA-EFE98E5D8135}.Release|x64.Build.0 = Release|x64
		{1E60B137-A0B8-4FC6-86AA-EFE98E5D8135}.Release|x64.Deploy.0 = Release|x64
		{1E60B137-A0B8-4FC6-86AA-EFE98E5D8135}.Release|x86.ActiveCfg = Release|x86
		{1E60B137-A0B8-4FC6-86AA-EFE98E5D8135}.Release|x86.Build.0 = Release|x86
		{1E60B137-A0B8-4FC6-86AA-EFE98E5D8135}.Release|x86.Deploy.0 = Release|x86
		{E8FA9083-C203-42CA-9D28-1D1D045E770B}.Debug|Any CPU.ActiveCfg = Debug|Any CPU
		{E8FA9083-C203-42CA-9D28-1D1D045E770B}.Debug|Any CPU.Build.0 = Debug|Any CPU
		{E8FA9083-C203-42CA-9D28-1D1D045E770B}.Debug|ARM64.ActiveCfg = Debug|Any CPU
		{E8FA9083-C203-42CA-9D28-1D1D045E770B}.Debug|ARM64.Build.0 = Debug|Any CPU
		{E8FA9083-C203-42CA-9D28-1D1D045E770B}.Debug|x64.ActiveCfg = Debug|Any CPU
		{E8FA9083-C203-42CA-9D28-1D1D045E770B}.Debug|x64.Build.0 = Debug|Any CPU
		{E8FA9083-C203-42CA-9D28-1D1D045E770B}.Debug|x86.ActiveCfg = Debug|Any CPU
		{E8FA9083-C203-42CA-9D28-1D1D045E770B}.Debug|x86.Build.0 = Debug|Any CPU
		{E8FA9083-C203-42CA-9D28-1D1D045E770B}.Publish|Any CPU.ActiveCfg = Publish|Any CPU
		{E8FA9083-C203-42CA-9D28-1D1D045E770B}.Publish|Any CPU.Build.0 = Publish|Any CPU
		{E8FA9083-C203-42CA-9D28-1D1D045E770B}.Publish|ARM64.ActiveCfg = Publish|Any CPU
		{E8FA9083-C203-42CA-9D28-1D1D045E770B}.Publish|ARM64.Build.0 = Publish|Any CPU
		{E8FA9083-C203-42CA-9D28-1D1D045E770B}.Publish|x64.ActiveCfg = Publish|Any CPU
		{E8FA9083-C203-42CA-9D28-1D1D045E770B}.Publish|x64.Build.0 = Publish|Any CPU
		{E8FA9083-C203-42CA-9D28-1D1D045E770B}.Publish|x86.ActiveCfg = Publish|Any CPU
		{E8FA9083-C203-42CA-9D28-1D1D045E770B}.Publish|x86.Build.0 = Publish|Any CPU
		{E8FA9083-C203-42CA-9D28-1D1D045E770B}.Release|Any CPU.ActiveCfg = Release|Any CPU
		{E8FA9083-C203-42CA-9D28-1D1D045E770B}.Release|Any CPU.Build.0 = Release|Any CPU
		{E8FA9083-C203-42CA-9D28-1D1D045E770B}.Release|ARM64.ActiveCfg = Release|Any CPU
		{E8FA9083-C203-42CA-9D28-1D1D045E770B}.Release|ARM64.Build.0 = Release|Any CPU
		{E8FA9083-C203-42CA-9D28-1D1D045E770B}.Release|x64.ActiveCfg = Release|Any CPU
		{E8FA9083-C203-42CA-9D28-1D1D045E770B}.Release|x64.Build.0 = Release|Any CPU
		{E8FA9083-C203-42CA-9D28-1D1D045E770B}.Release|x86.ActiveCfg = Release|Any CPU
		{E8FA9083-C203-42CA-9D28-1D1D045E770B}.Release|x86.Build.0 = Release|Any CPU
		{31E36098-D978-48FF-AE52-AD37BDF4CB6B}.Debug|Any CPU.ActiveCfg = Debug|Any CPU
		{31E36098-D978-48FF-AE52-AD37BDF4CB6B}.Debug|Any CPU.Build.0 = Debug|Any CPU
		{31E36098-D978-48FF-AE52-AD37BDF4CB6B}.Debug|ARM64.ActiveCfg = Debug|Any CPU
		{31E36098-D978-48FF-AE52-AD37BDF4CB6B}.Debug|ARM64.Build.0 = Debug|Any CPU
		{31E36098-D978-48FF-AE52-AD37BDF4CB6B}.Debug|x64.ActiveCfg = Debug|Any CPU
		{31E36098-D978-48FF-AE52-AD37BDF4CB6B}.Debug|x64.Build.0 = Debug|Any CPU
		{31E36098-D978-48FF-AE52-AD37BDF4CB6B}.Debug|x86.ActiveCfg = Debug|Any CPU
		{31E36098-D978-48FF-AE52-AD37BDF4CB6B}.Debug|x86.Build.0 = Debug|Any CPU
		{31E36098-D978-48FF-AE52-AD37BDF4CB6B}.Publish|Any CPU.ActiveCfg = Publish|Any CPU
		{31E36098-D978-48FF-AE52-AD37BDF4CB6B}.Publish|Any CPU.Build.0 = Publish|Any CPU
		{31E36098-D978-48FF-AE52-AD37BDF4CB6B}.Publish|ARM64.ActiveCfg = Publish|Any CPU
		{31E36098-D978-48FF-AE52-AD37BDF4CB6B}.Publish|ARM64.Build.0 = Publish|Any CPU
		{31E36098-D978-48FF-AE52-AD37BDF4CB6B}.Publish|x64.ActiveCfg = Publish|Any CPU
		{31E36098-D978-48FF-AE52-AD37BDF4CB6B}.Publish|x64.Build.0 = Publish|Any CPU
		{31E36098-D978-48FF-AE52-AD37BDF4CB6B}.Publish|x86.ActiveCfg = Publish|Any CPU
		{31E36098-D978-48FF-AE52-AD37BDF4CB6B}.Publish|x86.Build.0 = Publish|Any CPU
		{31E36098-D978-48FF-AE52-AD37BDF4CB6B}.Release|Any CPU.ActiveCfg = Release|Any CPU
		{31E36098-D978-48FF-AE52-AD37BDF4CB6B}.Release|Any CPU.Build.0 = Release|Any CPU
		{31E36098-D978-48FF-AE52-AD37BDF4CB6B}.Release|ARM64.ActiveCfg = Release|Any CPU
		{31E36098-D978-48FF-AE52-AD37BDF4CB6B}.Release|ARM64.Build.0 = Release|Any CPU
		{31E36098-D978-48FF-AE52-AD37BDF4CB6B}.Release|x64.ActiveCfg = Release|Any CPU
		{31E36098-D978-48FF-AE52-AD37BDF4CB6B}.Release|x64.Build.0 = Release|Any CPU
		{31E36098-D978-48FF-AE52-AD37BDF4CB6B}.Release|x86.ActiveCfg = Release|Any CPU
		{31E36098-D978-48FF-AE52-AD37BDF4CB6B}.Release|x86.Build.0 = Release|Any CPU
		{67663502-4741-4F7D-BDA2-9614B2D9D9B9}.Debug|Any CPU.ActiveCfg = Debug|Any CPU
		{67663502-4741-4F7D-BDA2-9614B2D9D9B9}.Debug|Any CPU.Build.0 = Debug|Any CPU
		{67663502-4741-4F7D-BDA2-9614B2D9D9B9}.Debug|ARM64.ActiveCfg = Debug|Any CPU
		{67663502-4741-4F7D-BDA2-9614B2D9D9B9}.Debug|ARM64.Build.0 = Debug|Any CPU
		{67663502-4741-4F7D-BDA2-9614B2D9D9B9}.Debug|x64.ActiveCfg = Debug|Any CPU
		{67663502-4741-4F7D-BDA2-9614B2D9D9B9}.Debug|x64.Build.0 = Debug|Any CPU
		{67663502-4741-4F7D-BDA2-9614B2D9D9B9}.Debug|x86.ActiveCfg = Debug|Any CPU
		{67663502-4741-4F7D-BDA2-9614B2D9D9B9}.Debug|x86.Build.0 = Debug|Any CPU
		{67663502-4741-4F7D-BDA2-9614B2D9D9B9}.Publish|Any CPU.ActiveCfg = Debug|Any CPU
		{67663502-4741-4F7D-BDA2-9614B2D9D9B9}.Publish|Any CPU.Build.0 = Debug|Any CPU
		{67663502-4741-4F7D-BDA2-9614B2D9D9B9}.Publish|ARM64.ActiveCfg = Release|Any CPU
		{67663502-4741-4F7D-BDA2-9614B2D9D9B9}.Publish|ARM64.Build.0 = Release|Any CPU
		{67663502-4741-4F7D-BDA2-9614B2D9D9B9}.Publish|x64.ActiveCfg = Release|Any CPU
		{67663502-4741-4F7D-BDA2-9614B2D9D9B9}.Publish|x64.Build.0 = Release|Any CPU
		{67663502-4741-4F7D-BDA2-9614B2D9D9B9}.Publish|x86.ActiveCfg = Debug|Any CPU
		{67663502-4741-4F7D-BDA2-9614B2D9D9B9}.Publish|x86.Build.0 = Debug|Any CPU
		{67663502-4741-4F7D-BDA2-9614B2D9D9B9}.Release|Any CPU.ActiveCfg = Release|Any CPU
		{67663502-4741-4F7D-BDA2-9614B2D9D9B9}.Release|Any CPU.Build.0 = Release|Any CPU
		{67663502-4741-4F7D-BDA2-9614B2D9D9B9}.Release|ARM64.ActiveCfg = Release|Any CPU
		{67663502-4741-4F7D-BDA2-9614B2D9D9B9}.Release|ARM64.Build.0 = Release|Any CPU
		{67663502-4741-4F7D-BDA2-9614B2D9D9B9}.Release|x64.ActiveCfg = Release|Any CPU
		{67663502-4741-4F7D-BDA2-9614B2D9D9B9}.Release|x64.Build.0 = Release|Any CPU
		{67663502-4741-4F7D-BDA2-9614B2D9D9B9}.Release|x86.ActiveCfg = Release|Any CPU
		{67663502-4741-4F7D-BDA2-9614B2D9D9B9}.Release|x86.Build.0 = Release|Any CPU
		{015533ED-9DBC-4B08-9C71-7E766CE8C83A}.Debug|Any CPU.ActiveCfg = Debug|Any CPU
		{015533ED-9DBC-4B08-9C71-7E766CE8C83A}.Debug|Any CPU.Build.0 = Debug|Any CPU
		{015533ED-9DBC-4B08-9C71-7E766CE8C83A}.Debug|ARM64.ActiveCfg = Debug|Any CPU
		{015533ED-9DBC-4B08-9C71-7E766CE8C83A}.Debug|ARM64.Build.0 = Debug|Any CPU
		{015533ED-9DBC-4B08-9C71-7E766CE8C83A}.Debug|x64.ActiveCfg = Debug|Any CPU
		{015533ED-9DBC-4B08-9C71-7E766CE8C83A}.Debug|x64.Build.0 = Debug|Any CPU
		{015533ED-9DBC-4B08-9C71-7E766CE8C83A}.Debug|x86.ActiveCfg = Debug|Any CPU
		{015533ED-9DBC-4B08-9C71-7E766CE8C83A}.Debug|x86.Build.0 = Debug|Any CPU
		{015533ED-9DBC-4B08-9C71-7E766CE8C83A}.Publish|Any CPU.ActiveCfg = Debug|Any CPU
		{015533ED-9DBC-4B08-9C71-7E766CE8C83A}.Publish|Any CPU.Build.0 = Debug|Any CPU
		{015533ED-9DBC-4B08-9C71-7E766CE8C83A}.Publish|ARM64.ActiveCfg = Release|Any CPU
		{015533ED-9DBC-4B08-9C71-7E766CE8C83A}.Publish|ARM64.Build.0 = Release|Any CPU
		{015533ED-9DBC-4B08-9C71-7E766CE8C83A}.Publish|x64.ActiveCfg = Release|Any CPU
		{015533ED-9DBC-4B08-9C71-7E766CE8C83A}.Publish|x64.Build.0 = Release|Any CPU
		{015533ED-9DBC-4B08-9C71-7E766CE8C83A}.Publish|x86.ActiveCfg = Debug|Any CPU
		{015533ED-9DBC-4B08-9C71-7E766CE8C83A}.Publish|x86.Build.0 = Debug|Any CPU
		{015533ED-9DBC-4B08-9C71-7E766CE8C83A}.Release|Any CPU.ActiveCfg = Release|Any CPU
		{015533ED-9DBC-4B08-9C71-7E766CE8C83A}.Release|Any CPU.Build.0 = Release|Any CPU
		{015533ED-9DBC-4B08-9C71-7E766CE8C83A}.Release|ARM64.ActiveCfg = Release|Any CPU
		{015533ED-9DBC-4B08-9C71-7E766CE8C83A}.Release|ARM64.Build.0 = Release|Any CPU
		{015533ED-9DBC-4B08-9C71-7E766CE8C83A}.Release|x64.ActiveCfg = Release|Any CPU
		{015533ED-9DBC-4B08-9C71-7E766CE8C83A}.Release|x64.Build.0 = Release|Any CPU
		{015533ED-9DBC-4B08-9C71-7E766CE8C83A}.Release|x86.ActiveCfg = Release|Any CPU
		{015533ED-9DBC-4B08-9C71-7E766CE8C83A}.Release|x86.Build.0 = Release|Any CPU
		{8EE9B628-8DF6-4A3D-BEA4-555C0B5DD09D}.Debug|Any CPU.ActiveCfg = Debug|Any CPU
		{8EE9B628-8DF6-4A3D-BEA4-555C0B5DD09D}.Debug|Any CPU.Build.0 = Debug|Any CPU
		{8EE9B628-8DF6-4A3D-BEA4-555C0B5DD09D}.Debug|ARM64.ActiveCfg = Debug|Any CPU
		{8EE9B628-8DF6-4A3D-BEA4-555C0B5DD09D}.Debug|ARM64.Build.0 = Debug|Any CPU
		{8EE9B628-8DF6-4A3D-BEA4-555C0B5DD09D}.Debug|x64.ActiveCfg = Debug|Any CPU
		{8EE9B628-8DF6-4A3D-BEA4-555C0B5DD09D}.Debug|x64.Build.0 = Debug|Any CPU
		{8EE9B628-8DF6-4A3D-BEA4-555C0B5DD09D}.Debug|x86.ActiveCfg = Debug|Any CPU
		{8EE9B628-8DF6-4A3D-BEA4-555C0B5DD09D}.Debug|x86.Build.0 = Debug|Any CPU
		{8EE9B628-8DF6-4A3D-BEA4-555C0B5DD09D}.Publish|Any CPU.ActiveCfg = Debug|Any CPU
		{8EE9B628-8DF6-4A3D-BEA4-555C0B5DD09D}.Publish|Any CPU.Build.0 = Debug|Any CPU
		{8EE9B628-8DF6-4A3D-BEA4-555C0B5DD09D}.Publish|ARM64.ActiveCfg = Release|Any CPU
		{8EE9B628-8DF6-4A3D-BEA4-555C0B5DD09D}.Publish|ARM64.Build.0 = Release|Any CPU
		{8EE9B628-8DF6-4A3D-BEA4-555C0B5DD09D}.Publish|x64.ActiveCfg = Release|Any CPU
		{8EE9B628-8DF6-4A3D-BEA4-555C0B5DD09D}.Publish|x64.Build.0 = Release|Any CPU
		{8EE9B628-8DF6-4A3D-BEA4-555C0B5DD09D}.Publish|x86.ActiveCfg = Debug|Any CPU
		{8EE9B628-8DF6-4A3D-BEA4-555C0B5DD09D}.Publish|x86.Build.0 = Debug|Any CPU
		{8EE9B628-8DF6-4A3D-BEA4-555C0B5DD09D}.Release|Any CPU.ActiveCfg = Release|Any CPU
		{8EE9B628-8DF6-4A3D-BEA4-555C0B5DD09D}.Release|Any CPU.Build.0 = Release|Any CPU
		{8EE9B628-8DF6-4A3D-BEA4-555C0B5DD09D}.Release|ARM64.ActiveCfg = Release|Any CPU
		{8EE9B628-8DF6-4A3D-BEA4-555C0B5DD09D}.Release|ARM64.Build.0 = Release|Any CPU
		{8EE9B628-8DF6-4A3D-BEA4-555C0B5DD09D}.Release|x64.ActiveCfg = Release|Any CPU
		{8EE9B628-8DF6-4A3D-BEA4-555C0B5DD09D}.Release|x64.Build.0 = Release|Any CPU
		{8EE9B628-8DF6-4A3D-BEA4-555C0B5DD09D}.Release|x86.ActiveCfg = Release|Any CPU
		{8EE9B628-8DF6-4A3D-BEA4-555C0B5DD09D}.Release|x86.Build.0 = Release|Any CPU
		{5D167F94-9802-49F8-9C23-2AC7F8723126}.Debug|Any CPU.ActiveCfg = Debug|Any CPU
		{5D167F94-9802-49F8-9C23-2AC7F8723126}.Debug|Any CPU.Build.0 = Debug|Any CPU
		{5D167F94-9802-49F8-9C23-2AC7F8723126}.Debug|ARM64.ActiveCfg = Debug|Any CPU
		{5D167F94-9802-49F8-9C23-2AC7F8723126}.Debug|ARM64.Build.0 = Debug|Any CPU
		{5D167F94-9802-49F8-9C23-2AC7F8723126}.Debug|x64.ActiveCfg = Debug|Any CPU
		{5D167F94-9802-49F8-9C23-2AC7F8723126}.Debug|x64.Build.0 = Debug|Any CPU
		{5D167F94-9802-49F8-9C23-2AC7F8723126}.Debug|x86.ActiveCfg = Debug|Any CPU
		{5D167F94-9802-49F8-9C23-2AC7F8723126}.Debug|x86.Build.0 = Debug|Any CPU
		{5D167F94-9802-49F8-9C23-2AC7F8723126}.Publish|Any CPU.ActiveCfg = Debug|Any CPU
		{5D167F94-9802-49F8-9C23-2AC7F8723126}.Publish|Any CPU.Build.0 = Debug|Any CPU
		{5D167F94-9802-49F8-9C23-2AC7F8723126}.Publish|ARM64.ActiveCfg = Release|Any CPU
		{5D167F94-9802-49F8-9C23-2AC7F8723126}.Publish|ARM64.Build.0 = Release|Any CPU
		{5D167F94-9802-49F8-9C23-2AC7F8723126}.Publish|x64.ActiveCfg = Release|Any CPU
		{5D167F94-9802-49F8-9C23-2AC7F8723126}.Publish|x64.Build.0 = Release|Any CPU
		{5D167F94-9802-49F8-9C23-2AC7F8723126}.Publish|x86.ActiveCfg = Debug|Any CPU
		{5D167F94-9802-49F8-9C23-2AC7F8723126}.Publish|x86.Build.0 = Debug|Any CPU
		{5D167F94-9802-49F8-9C23-2AC7F8723126}.Release|Any CPU.ActiveCfg = Release|Any CPU
		{5D167F94-9802-49F8-9C23-2AC7F8723126}.Release|Any CPU.Build.0 = Release|Any CPU
		{5D167F94-9802-49F8-9C23-2AC7F8723126}.Release|ARM64.ActiveCfg = Release|Any CPU
		{5D167F94-9802-49F8-9C23-2AC7F8723126}.Release|ARM64.Build.0 = Release|Any CPU
		{5D167F94-9802-49F8-9C23-2AC7F8723126}.Release|x64.ActiveCfg = Release|Any CPU
		{5D167F94-9802-49F8-9C23-2AC7F8723126}.Release|x64.Build.0 = Release|Any CPU
		{5D167F94-9802-49F8-9C23-2AC7F8723126}.Release|x86.ActiveCfg = Release|Any CPU
		{5D167F94-9802-49F8-9C23-2AC7F8723126}.Release|x86.Build.0 = Release|Any CPU
		{CC540995-04F6-49AC-9B07-3EA8F6823593}.Debug|Any CPU.ActiveCfg = Debug|Any CPU
		{CC540995-04F6-49AC-9B07-3EA8F6823593}.Debug|Any CPU.Build.0 = Debug|Any CPU
		{CC540995-04F6-49AC-9B07-3EA8F6823593}.Debug|ARM64.ActiveCfg = Debug|Any CPU
		{CC540995-04F6-49AC-9B07-3EA8F6823593}.Debug|ARM64.Build.0 = Debug|Any CPU
		{CC540995-04F6-49AC-9B07-3EA8F6823593}.Debug|x64.ActiveCfg = Debug|Any CPU
		{CC540995-04F6-49AC-9B07-3EA8F6823593}.Debug|x64.Build.0 = Debug|Any CPU
		{CC540995-04F6-49AC-9B07-3EA8F6823593}.Debug|x86.ActiveCfg = Debug|Any CPU
		{CC540995-04F6-49AC-9B07-3EA8F6823593}.Debug|x86.Build.0 = Debug|Any CPU
		{CC540995-04F6-49AC-9B07-3EA8F6823593}.Publish|Any CPU.ActiveCfg = Debug|Any CPU
		{CC540995-04F6-49AC-9B07-3EA8F6823593}.Publish|Any CPU.Build.0 = Debug|Any CPU
		{CC540995-04F6-49AC-9B07-3EA8F6823593}.Publish|ARM64.ActiveCfg = Release|Any CPU
		{CC540995-04F6-49AC-9B07-3EA8F6823593}.Publish|ARM64.Build.0 = Release|Any CPU
		{CC540995-04F6-49AC-9B07-3EA8F6823593}.Publish|x64.ActiveCfg = Release|Any CPU
		{CC540995-04F6-49AC-9B07-3EA8F6823593}.Publish|x64.Build.0 = Release|Any CPU
		{CC540995-04F6-49AC-9B07-3EA8F6823593}.Publish|x86.ActiveCfg = Debug|Any CPU
		{CC540995-04F6-49AC-9B07-3EA8F6823593}.Publish|x86.Build.0 = Debug|Any CPU
		{CC540995-04F6-49AC-9B07-3EA8F6823593}.Release|Any CPU.ActiveCfg = Release|Any CPU
		{CC540995-04F6-49AC-9B07-3EA8F6823593}.Release|Any CPU.Build.0 = Release|Any CPU
		{CC540995-04F6-49AC-9B07-3EA8F6823593}.Release|ARM64.ActiveCfg = Release|Any CPU
		{CC540995-04F6-49AC-9B07-3EA8F6823593}.Release|ARM64.Build.0 = Release|Any CPU
		{CC540995-04F6-49AC-9B07-3EA8F6823593}.Release|x64.ActiveCfg = Release|Any CPU
		{CC540995-04F6-49AC-9B07-3EA8F6823593}.Release|x64.Build.0 = Release|Any CPU
		{CC540995-04F6-49AC-9B07-3EA8F6823593}.Release|x86.ActiveCfg = Release|Any CPU
		{CC540995-04F6-49AC-9B07-3EA8F6823593}.Release|x86.Build.0 = Release|Any CPU
		{A53A4E28-FB98-4B5A-9052-084157BC91C5}.Debug|Any CPU.ActiveCfg = Debug|Any CPU
		{A53A4E28-FB98-4B5A-9052-084157BC91C5}.Debug|Any CPU.Build.0 = Debug|Any CPU
		{A53A4E28-FB98-4B5A-9052-084157BC91C5}.Debug|ARM64.ActiveCfg = Debug|Any CPU
		{A53A4E28-FB98-4B5A-9052-084157BC91C5}.Debug|ARM64.Build.0 = Debug|Any CPU
		{A53A4E28-FB98-4B5A-9052-084157BC91C5}.Debug|x64.ActiveCfg = Debug|Any CPU
		{A53A4E28-FB98-4B5A-9052-084157BC91C5}.Debug|x64.Build.0 = Debug|Any CPU
		{A53A4E28-FB98-4B5A-9052-084157BC91C5}.Debug|x86.ActiveCfg = Debug|Any CPU
		{A53A4E28-FB98-4B5A-9052-084157BC91C5}.Debug|x86.Build.0 = Debug|Any CPU
		{A53A4E28-FB98-4B5A-9052-084157BC91C5}.Publish|Any CPU.ActiveCfg = Debug|Any CPU
		{A53A4E28-FB98-4B5A-9052-084157BC91C5}.Publish|Any CPU.Build.0 = Debug|Any CPU
		{A53A4E28-FB98-4B5A-9052-084157BC91C5}.Publish|ARM64.ActiveCfg = Release|Any CPU
		{A53A4E28-FB98-4B5A-9052-084157BC91C5}.Publish|ARM64.Build.0 = Release|Any CPU
		{A53A4E28-FB98-4B5A-9052-084157BC91C5}.Publish|x64.ActiveCfg = Release|Any CPU
		{A53A4E28-FB98-4B5A-9052-084157BC91C5}.Publish|x64.Build.0 = Release|Any CPU
		{A53A4E28-FB98-4B5A-9052-084157BC91C5}.Publish|x86.ActiveCfg = Debug|Any CPU
		{A53A4E28-FB98-4B5A-9052-084157BC91C5}.Publish|x86.Build.0 = Debug|Any CPU
		{A53A4E28-FB98-4B5A-9052-084157BC91C5}.Release|Any CPU.ActiveCfg = Release|Any CPU
		{A53A4E28-FB98-4B5A-9052-084157BC91C5}.Release|Any CPU.Build.0 = Release|Any CPU
		{A53A4E28-FB98-4B5A-9052-084157BC91C5}.Release|ARM64.ActiveCfg = Release|Any CPU
		{A53A4E28-FB98-4B5A-9052-084157BC91C5}.Release|ARM64.Build.0 = Release|Any CPU
		{A53A4E28-FB98-4B5A-9052-084157BC91C5}.Release|x64.ActiveCfg = Release|Any CPU
		{A53A4E28-FB98-4B5A-9052-084157BC91C5}.Release|x64.Build.0 = Release|Any CPU
		{A53A4E28-FB98-4B5A-9052-084157BC91C5}.Release|x86.ActiveCfg = Release|Any CPU
		{A53A4E28-FB98-4B5A-9052-084157BC91C5}.Release|x86.Build.0 = Release|Any CPU
	EndGlobalSection
	GlobalSection(SolutionProperties) = preSolution
		HideSolutionNode = FALSE
	EndGlobalSection
	GlobalSection(NestedProjects) = preSolution
		{1E60B137-A0B8-4FC6-86AA-EFE98E5D8135} = {4CE20E49-7BD8-456B-AD2E-6B3D2F87EF20}
		{E8FA9083-C203-42CA-9D28-1D1D045E770B} = {4CE20E49-7BD8-456B-AD2E-6B3D2F87EF20}
		{31E36098-D978-48FF-AE52-AD37BDF4CB6B} = {4CE20E49-7BD8-456B-AD2E-6B3D2F87EF20}
		{67663502-4741-4F7D-BDA2-9614B2D9D9B9} = {4AAF05CF-97F6-469D-BCB4-23802A4A0C6F}
		{015533ED-9DBC-4B08-9C71-7E766CE8C83A} = {4AAF05CF-97F6-469D-BCB4-23802A4A0C6F}
		{8EE9B628-8DF6-4A3D-BEA4-555C0B5DD09D} = {4AAF05CF-97F6-469D-BCB4-23802A4A0C6F}
		{5D8F912C-C45A-4E18-8477-24C5C55A0848} = {4AAF05CF-97F6-469D-BCB4-23802A4A0C6F}
		{5D167F94-9802-49F8-9C23-2AC7F8723126} = {5D8F912C-C45A-4E18-8477-24C5C55A0848}
		{CC540995-04F6-49AC-9B07-3EA8F6823593} = {5D8F912C-C45A-4E18-8477-24C5C55A0848}
		{A53A4E28-FB98-4B5A-9052-084157BC91C5} = {5D8F912C-C45A-4E18-8477-24C5C55A0848}
	EndGlobalSection
	GlobalSection(ExtensibilityGlobals) = postSolution
		SolutionGuid = {5A195D36-BD13-472D-B17E-5070E06D82C8}
	EndGlobalSection
EndGlobal
